// !$*UTF8*$!
{
	archiveVersion = 1;
	classes = {
	};
	objectVersion = 46;
	objects = {

/* Begin PBXAggregateTarget section */
		asyncobjects::AsyncObjectsPackageTests::ProductTarget /* AsyncObjectsPackageTests */ = {
			isa = PBXAggregateTarget;
			buildConfigurationList = OBJ_153 /* Build configuration list for PBXAggregateTarget "AsyncObjectsPackageTests" */;
			buildPhases = (
			);
			dependencies = (
				OBJ_156 /* PBXTargetDependency */,
			);
			name = AsyncObjectsPackageTests;
			productName = AsyncObjectsPackageTests;
		};
/* End PBXAggregateTarget section */

/* Begin PBXBuildFile section */
		406566C141931E51CFCE4B8D /* AsyncObjects.docc in Sources */ = {isa = PBXBuildFile; fileRef = 2F47541C0776B07302F70604 /* AsyncObjects.docc */; };
		OBJ_121 /* AsyncCountdownEvent.swift in Sources */ = {isa = PBXBuildFile; fileRef = OBJ_11 /* AsyncCountdownEvent.swift */; };
		OBJ_122 /* AsyncEvent.swift in Sources */ = {isa = PBXBuildFile; fileRef = OBJ_12 /* AsyncEvent.swift */; };
		OBJ_123 /* AsyncSemaphore.swift in Sources */ = {isa = PBXBuildFile; fileRef = OBJ_13 /* AsyncSemaphore.swift */; };
		OBJ_124 /* AsyncObject+Clock.swift in Sources */ = {isa = PBXBuildFile; fileRef = OBJ_15 /* AsyncObject+Clock.swift */; };
		OBJ_125 /* AsyncObject+Duration.swift in Sources */ = {isa = PBXBuildFile; fileRef = OBJ_16 /* AsyncObject+Duration.swift */; };
		OBJ_126 /* AsyncObject.swift in Sources */ = {isa = PBXBuildFile; fileRef = OBJ_17 /* AsyncObject.swift */; };
		OBJ_127 /* CancellationSource.swift in Sources */ = {isa = PBXBuildFile; fileRef = OBJ_18 /* CancellationSource.swift */; };
		OBJ_128 /* Continuable.swift in Sources */ = {isa = PBXBuildFile; fileRef = OBJ_20 /* Continuable.swift */; };
		OBJ_129 /* ContinuableCollection.swift in Sources */ = {isa = PBXBuildFile; fileRef = OBJ_21 /* ContinuableCollection.swift */; };
		OBJ_130 /* GlobalContinuation.swift in Sources */ = {isa = PBXBuildFile; fileRef = OBJ_22 /* GlobalContinuation.swift */; };
		OBJ_131 /* SafeContinuation.swift in Sources */ = {isa = PBXBuildFile; fileRef = OBJ_23 /* SafeContinuation.swift */; };
		OBJ_132 /* SynchronizedContinuable.swift in Sources */ = {isa = PBXBuildFile; fileRef = OBJ_24 /* SynchronizedContinuable.swift */; };
		OBJ_133 /* Task.swift in Sources */ = {isa = PBXBuildFile; fileRef = OBJ_26 /* Task.swift */; };
		OBJ_134 /* TaskGroup.swift in Sources */ = {isa = PBXBuildFile; fileRef = OBJ_27 /* TaskGroup.swift */; };
		OBJ_135 /* Future.swift in Sources */ = {isa = PBXBuildFile; fileRef = OBJ_28 /* Future.swift */; };
		OBJ_136 /* Exclusible.swift in Sources */ = {isa = PBXBuildFile; fileRef = OBJ_30 /* Exclusible.swift */; };
		OBJ_137 /* Locker.swift in Sources */ = {isa = PBXBuildFile; fileRef = OBJ_31 /* Locker.swift */; };
		OBJ_138 /* Loggable.swift in Sources */ = {isa = PBXBuildFile; fileRef = OBJ_33 /* Loggable.swift */; };
		OBJ_139 /* TaskOperation.swift in Sources */ = {isa = PBXBuildFile; fileRef = OBJ_34 /* TaskOperation.swift */; };
		OBJ_140 /* TaskQueue.swift in Sources */ = {isa = PBXBuildFile; fileRef = OBJ_35 /* TaskQueue.swift */; };
		OBJ_141 /* TaskTracker.swift in Sources */ = {isa = PBXBuildFile; fileRef = OBJ_36 /* TaskTracker.swift */; };
		OBJ_143 /* OrderedCollections.framework in Frameworks */ = {isa = PBXBuildFile; fileRef = swift-collections::OrderedCollections::Product /* OrderedCollections.framework */; };
		OBJ_151 /* Package.swift in Sources */ = {isa = PBXBuildFile; fileRef = OBJ_6 /* Package.swift */; };
		OBJ_162 /* AsyncCountdownEventTests.swift in Sources */ = {isa = PBXBuildFile; fileRef = OBJ_39 /* AsyncCountdownEventTests.swift */; };
		OBJ_163 /* AsyncEventTests.swift in Sources */ = {isa = PBXBuildFile; fileRef = OBJ_40 /* AsyncEventTests.swift */; };
		OBJ_164 /* AsyncObjectTests.swift in Sources */ = {isa = PBXBuildFile; fileRef = OBJ_41 /* AsyncObjectTests.swift */; };
		OBJ_165 /* AsyncSemaphoreTests.swift in Sources */ = {isa = PBXBuildFile; fileRef = OBJ_42 /* AsyncSemaphoreTests.swift */; };
		OBJ_166 /* CancellationSourceTests.swift in Sources */ = {isa = PBXBuildFile; fileRef = OBJ_43 /* CancellationSourceTests.swift */; };
		OBJ_167 /* LockerTests.swift in Sources */ = {isa = PBXBuildFile; fileRef = OBJ_44 /* LockerTests.swift */; };
		OBJ_168 /* NonThrowingFutureTests.swift in Sources */ = {isa = PBXBuildFile; fileRef = OBJ_45 /* NonThrowingFutureTests.swift */; };
		OBJ_169 /* SafeContinuationTests.swift in Sources */ = {isa = PBXBuildFile; fileRef = OBJ_46 /* SafeContinuationTests.swift */; };
		OBJ_170 /* StandardLibraryTests.swift in Sources */ = {isa = PBXBuildFile; fileRef = OBJ_47 /* StandardLibraryTests.swift */; };
		OBJ_171 /* TaskOperationTests.swift in Sources */ = {isa = PBXBuildFile; fileRef = OBJ_48 /* TaskOperationTests.swift */; };
		OBJ_172 /* TaskQueueTests.swift in Sources */ = {isa = PBXBuildFile; fileRef = OBJ_49 /* TaskQueueTests.swift */; };
		OBJ_173 /* ThrowingFutureTests.swift in Sources */ = {isa = PBXBuildFile; fileRef = OBJ_50 /* ThrowingFutureTests.swift */; };
		OBJ_174 /* XCTestCase.swift in Sources */ = {isa = PBXBuildFile; fileRef = OBJ_51 /* XCTestCase.swift */; };
		OBJ_176 /* AsyncObjects.framework in Frameworks */ = {isa = PBXBuildFile; fileRef = asyncobjects::AsyncObjects::Product /* AsyncObjects.framework */; };
		OBJ_177 /* OrderedCollections.framework in Frameworks */ = {isa = PBXBuildFile; fileRef = swift-collections::OrderedCollections::Product /* OrderedCollections.framework */; };
		OBJ_184 /* _HashTable+Bucket.swift in Sources */ = {isa = PBXBuildFile; fileRef = OBJ_58 /* _HashTable+Bucket.swift */; };
		OBJ_185 /* _HashTable+BucketIterator.swift in Sources */ = {isa = PBXBuildFile; fileRef = OBJ_59 /* _HashTable+BucketIterator.swift */; };
		OBJ_186 /* _HashTable+Constants.swift in Sources */ = {isa = PBXBuildFile; fileRef = OBJ_60 /* _HashTable+Constants.swift */; };
		OBJ_187 /* _HashTable+CustomStringConvertible.swift in Sources */ = {isa = PBXBuildFile; fileRef = OBJ_61 /* _HashTable+CustomStringConvertible.swift */; };
		OBJ_188 /* _HashTable+Testing.swift in Sources */ = {isa = PBXBuildFile; fileRef = OBJ_62 /* _HashTable+Testing.swift */; };
		OBJ_189 /* _HashTable+UnsafeHandle.swift in Sources */ = {isa = PBXBuildFile; fileRef = OBJ_63 /* _HashTable+UnsafeHandle.swift */; };
		OBJ_190 /* _HashTable.swift in Sources */ = {isa = PBXBuildFile; fileRef = OBJ_64 /* _HashTable.swift */; };
		OBJ_191 /* _Hashtable+Header.swift in Sources */ = {isa = PBXBuildFile; fileRef = OBJ_65 /* _Hashtable+Header.swift */; };
		OBJ_192 /* OrderedDictionary+Codable.swift in Sources */ = {isa = PBXBuildFile; fileRef = OBJ_67 /* OrderedDictionary+Codable.swift */; };
		OBJ_193 /* OrderedDictionary+CustomDebugStringConvertible.swift in Sources */ = {isa = PBXBuildFile; fileRef = OBJ_68 /* OrderedDictionary+CustomDebugStringConvertible.swift */; };
		OBJ_194 /* OrderedDictionary+CustomReflectable.swift in Sources */ = {isa = PBXBuildFile; fileRef = OBJ_69 /* OrderedDictionary+CustomReflectable.swift */; };
		OBJ_195 /* OrderedDictionary+CustomStringConvertible.swift in Sources */ = {isa = PBXBuildFile; fileRef = OBJ_70 /* OrderedDictionary+CustomStringConvertible.swift */; };
		OBJ_196 /* OrderedDictionary+Deprecations.swift in Sources */ = {isa = PBXBuildFile; fileRef = OBJ_71 /* OrderedDictionary+Deprecations.swift */; };
		OBJ_197 /* OrderedDictionary+Elements+SubSequence.swift in Sources */ = {isa = PBXBuildFile; fileRef = OBJ_72 /* OrderedDictionary+Elements+SubSequence.swift */; };
		OBJ_198 /* OrderedDictionary+Elements.swift in Sources */ = {isa = PBXBuildFile; fileRef = OBJ_73 /* OrderedDictionary+Elements.swift */; };
		OBJ_199 /* OrderedDictionary+Equatable.swift in Sources */ = {isa = PBXBuildFile; fileRef = OBJ_74 /* OrderedDictionary+Equatable.swift */; };
		OBJ_200 /* OrderedDictionary+ExpressibleByDictionaryLiteral.swift in Sources */ = {isa = PBXBuildFile; fileRef = OBJ_75 /* OrderedDictionary+ExpressibleByDictionaryLiteral.swift */; };
		OBJ_201 /* OrderedDictionary+Hashable.swift in Sources */ = {isa = PBXBuildFile; fileRef = OBJ_76 /* OrderedDictionary+Hashable.swift */; };
		OBJ_202 /* OrderedDictionary+Initializers.swift in Sources */ = {isa = PBXBuildFile; fileRef = OBJ_77 /* OrderedDictionary+Initializers.swift */; };
		OBJ_203 /* OrderedDictionary+Invariants.swift in Sources */ = {isa = PBXBuildFile; fileRef = OBJ_78 /* OrderedDictionary+Invariants.swift */; };
		OBJ_204 /* OrderedDictionary+Partial MutableCollection.swift in Sources */ = {isa = PBXBuildFile; fileRef = OBJ_79 /* OrderedDictionary+Partial MutableCollection.swift */; };
		OBJ_205 /* OrderedDictionary+Partial RangeReplaceableCollection.swift in Sources */ = {isa = PBXBuildFile; fileRef = OBJ_80 /* OrderedDictionary+Partial RangeReplaceableCollection.swift */; };
		OBJ_206 /* OrderedDictionary+Sequence.swift in Sources */ = {isa = PBXBuildFile; fileRef = OBJ_81 /* OrderedDictionary+Sequence.swift */; };
		OBJ_207 /* OrderedDictionary+Values.swift in Sources */ = {isa = PBXBuildFile; fileRef = OBJ_82 /* OrderedDictionary+Values.swift */; };
		OBJ_208 /* OrderedDictionary.swift in Sources */ = {isa = PBXBuildFile; fileRef = OBJ_83 /* OrderedDictionary.swift */; };
		OBJ_209 /* OrderedSet+Codable.swift in Sources */ = {isa = PBXBuildFile; fileRef = OBJ_85 /* OrderedSet+Codable.swift */; };
		OBJ_210 /* OrderedSet+CustomDebugStringConvertible.swift in Sources */ = {isa = PBXBuildFile; fileRef = OBJ_86 /* OrderedSet+CustomDebugStringConvertible.swift */; };
		OBJ_211 /* OrderedSet+CustomReflectable.swift in Sources */ = {isa = PBXBuildFile; fileRef = OBJ_87 /* OrderedSet+CustomReflectable.swift */; };
		OBJ_212 /* OrderedSet+CustomStringConvertible.swift in Sources */ = {isa = PBXBuildFile; fileRef = OBJ_88 /* OrderedSet+CustomStringConvertible.swift */; };
		OBJ_213 /* OrderedSet+Diffing.swift in Sources */ = {isa = PBXBuildFile; fileRef = OBJ_89 /* OrderedSet+Diffing.swift */; };
		OBJ_214 /* OrderedSet+Equatable.swift in Sources */ = {isa = PBXBuildFile; fileRef = OBJ_90 /* OrderedSet+Equatable.swift */; };
		OBJ_215 /* OrderedSet+ExpressibleByArrayLiteral.swift in Sources */ = {isa = PBXBuildFile; fileRef = OBJ_91 /* OrderedSet+ExpressibleByArrayLiteral.swift */; };
		OBJ_216 /* OrderedSet+Hashable.swift in Sources */ = {isa = PBXBuildFile; fileRef = OBJ_92 /* OrderedSet+Hashable.swift */; };
		OBJ_217 /* OrderedSet+Initializers.swift in Sources */ = {isa = PBXBuildFile; fileRef = OBJ_93 /* OrderedSet+Initializers.swift */; };
		OBJ_218 /* OrderedSet+Insertions.swift in Sources */ = {isa = PBXBuildFile; fileRef = OBJ_94 /* OrderedSet+Insertions.swift */; };
		OBJ_219 /* OrderedSet+Invariants.swift in Sources */ = {isa = PBXBuildFile; fileRef = OBJ_95 /* OrderedSet+Invariants.swift */; };
		OBJ_220 /* OrderedSet+Partial MutableCollection.swift in Sources */ = {isa = PBXBuildFile; fileRef = OBJ_96 /* OrderedSet+Partial MutableCollection.swift */; };
		OBJ_221 /* OrderedSet+Partial RangeReplaceableCollection.swift in Sources */ = {isa = PBXBuildFile; fileRef = OBJ_97 /* OrderedSet+Partial RangeReplaceableCollection.swift */; };
		OBJ_222 /* OrderedSet+Partial SetAlgebra+Basics.swift in Sources */ = {isa = PBXBuildFile; fileRef = OBJ_98 /* OrderedSet+Partial SetAlgebra+Basics.swift */; };
		OBJ_223 /* OrderedSet+Partial SetAlgebra+Operations.swift in Sources */ = {isa = PBXBuildFile; fileRef = OBJ_99 /* OrderedSet+Partial SetAlgebra+Operations.swift */; };
		OBJ_224 /* OrderedSet+Partial SetAlgebra+Predicates.swift in Sources */ = {isa = PBXBuildFile; fileRef = OBJ_100 /* OrderedSet+Partial SetAlgebra+Predicates.swift */; };
		OBJ_225 /* OrderedSet+RandomAccessCollection.swift in Sources */ = {isa = PBXBuildFile; fileRef = OBJ_101 /* OrderedSet+RandomAccessCollection.swift */; };
		OBJ_226 /* OrderedSet+ReserveCapacity.swift in Sources */ = {isa = PBXBuildFile; fileRef = OBJ_102 /* OrderedSet+ReserveCapacity.swift */; };
		OBJ_227 /* OrderedSet+SubSequence.swift in Sources */ = {isa = PBXBuildFile; fileRef = OBJ_103 /* OrderedSet+SubSequence.swift */; };
		OBJ_228 /* OrderedSet+Testing.swift in Sources */ = {isa = PBXBuildFile; fileRef = OBJ_104 /* OrderedSet+Testing.swift */; };
		OBJ_229 /* OrderedSet+UnorderedView.swift in Sources */ = {isa = PBXBuildFile; fileRef = OBJ_105 /* OrderedSet+UnorderedView.swift */; };
		OBJ_230 /* OrderedSet+UnstableInternals.swift in Sources */ = {isa = PBXBuildFile; fileRef = OBJ_106 /* OrderedSet+UnstableInternals.swift */; };
		OBJ_231 /* OrderedSet.swift in Sources */ = {isa = PBXBuildFile; fileRef = OBJ_107 /* OrderedSet.swift */; };
		OBJ_232 /* RandomAccessCollection+Offsets.swift in Sources */ = {isa = PBXBuildFile; fileRef = OBJ_109 /* RandomAccessCollection+Offsets.swift */; };
		OBJ_233 /* _UnsafeBitset.swift in Sources */ = {isa = PBXBuildFile; fileRef = OBJ_110 /* _UnsafeBitset.swift */; };
		OBJ_240 /* Package.swift in Sources */ = {isa = PBXBuildFile; fileRef = OBJ_111 /* Package.swift */; };
/* End PBXBuildFile section */

/* Begin PBXFileReference section */
		2F47541C0776B07302F70604 /* AsyncObjects.docc */ = {isa = PBXFileReference; includeInIndex = 1; path = AsyncObjects.docc; sourceTree = "<group>"; };
		OBJ_100 /* OrderedSet+Partial SetAlgebra+Predicates.swift */ = {isa = PBXFileReference; path = "OrderedSet+Partial SetAlgebra+Predicates.swift"; sourceTree = "<group>"; };
		OBJ_101 /* OrderedSet+RandomAccessCollection.swift */ = {isa = PBXFileReference; path = "OrderedSet+RandomAccessCollection.swift"; sourceTree = "<group>"; };
		OBJ_102 /* OrderedSet+ReserveCapacity.swift */ = {isa = PBXFileReference; path = "OrderedSet+ReserveCapacity.swift"; sourceTree = "<group>"; };
		OBJ_103 /* OrderedSet+SubSequence.swift */ = {isa = PBXFileReference; path = "OrderedSet+SubSequence.swift"; sourceTree = "<group>"; };
		OBJ_104 /* OrderedSet+Testing.swift */ = {isa = PBXFileReference; path = "OrderedSet+Testing.swift"; sourceTree = "<group>"; };
		OBJ_105 /* OrderedSet+UnorderedView.swift */ = {isa = PBXFileReference; path = "OrderedSet+UnorderedView.swift"; sourceTree = "<group>"; };
		OBJ_106 /* OrderedSet+UnstableInternals.swift */ = {isa = PBXFileReference; path = "OrderedSet+UnstableInternals.swift"; sourceTree = "<group>"; };
		OBJ_107 /* OrderedSet.swift */ = {isa = PBXFileReference; path = OrderedSet.swift; sourceTree = "<group>"; };
		OBJ_109 /* RandomAccessCollection+Offsets.swift */ = {isa = PBXFileReference; path = "RandomAccessCollection+Offsets.swift"; sourceTree = "<group>"; };
		OBJ_11 /* AsyncCountdownEvent.swift */ = {isa = PBXFileReference; path = AsyncCountdownEvent.swift; sourceTree = "<group>"; };
		OBJ_110 /* _UnsafeBitset.swift */ = {isa = PBXFileReference; path = _UnsafeBitset.swift; sourceTree = "<group>"; };
		OBJ_111 /* Package.swift */ = {isa = PBXFileReference; explicitFileType = sourcecode.swift; name = Package.swift; path = "/Users/soumya.mahunt/Documents/projects/AsyncObjects/.build/checkouts/swift-collections/Package.swift"; sourceTree = "<group>"; };
		OBJ_12 /* AsyncEvent.swift */ = {isa = PBXFileReference; path = AsyncEvent.swift; sourceTree = "<group>"; };
		OBJ_13 /* AsyncSemaphore.swift */ = {isa = PBXFileReference; path = AsyncSemaphore.swift; sourceTree = "<group>"; };
		OBJ_15 /* AsyncObject+Clock.swift */ = {isa = PBXFileReference; path = "AsyncObject+Clock.swift"; sourceTree = "<group>"; };
		OBJ_16 /* AsyncObject+Duration.swift */ = {isa = PBXFileReference; path = "AsyncObject+Duration.swift"; sourceTree = "<group>"; };
		OBJ_17 /* AsyncObject.swift */ = {isa = PBXFileReference; path = AsyncObject.swift; sourceTree = "<group>"; };
		OBJ_18 /* CancellationSource.swift */ = {isa = PBXFileReference; path = CancellationSource.swift; sourceTree = "<group>"; };
		OBJ_20 /* Continuable.swift */ = {isa = PBXFileReference; path = Continuable.swift; sourceTree = "<group>"; };
		OBJ_21 /* ContinuableCollection.swift */ = {isa = PBXFileReference; path = ContinuableCollection.swift; sourceTree = "<group>"; };
		OBJ_22 /* GlobalContinuation.swift */ = {isa = PBXFileReference; path = GlobalContinuation.swift; sourceTree = "<group>"; };
		OBJ_23 /* SafeContinuation.swift */ = {isa = PBXFileReference; path = SafeContinuation.swift; sourceTree = "<group>"; };
		OBJ_24 /* SynchronizedContinuable.swift */ = {isa = PBXFileReference; path = SynchronizedContinuable.swift; sourceTree = "<group>"; };
		OBJ_26 /* Task.swift */ = {isa = PBXFileReference; path = Task.swift; sourceTree = "<group>"; };
		OBJ_27 /* TaskGroup.swift */ = {isa = PBXFileReference; path = TaskGroup.swift; sourceTree = "<group>"; };
		OBJ_28 /* Future.swift */ = {isa = PBXFileReference; path = Future.swift; sourceTree = "<group>"; };
		OBJ_30 /* Exclusible.swift */ = {isa = PBXFileReference; path = Exclusible.swift; sourceTree = "<group>"; };
		OBJ_31 /* Locker.swift */ = {isa = PBXFileReference; path = Locker.swift; sourceTree = "<group>"; };
		OBJ_33 /* Loggable.swift */ = {isa = PBXFileReference; path = Loggable.swift; sourceTree = "<group>"; };
		OBJ_34 /* TaskOperation.swift */ = {isa = PBXFileReference; path = TaskOperation.swift; sourceTree = "<group>"; };
		OBJ_35 /* TaskQueue.swift */ = {isa = PBXFileReference; path = TaskQueue.swift; sourceTree = "<group>"; };
		OBJ_36 /* TaskTracker.swift */ = {isa = PBXFileReference; path = TaskTracker.swift; sourceTree = "<group>"; };
		OBJ_39 /* AsyncCountdownEventTests.swift */ = {isa = PBXFileReference; path = AsyncCountdownEventTests.swift; sourceTree = "<group>"; };
		OBJ_40 /* AsyncEventTests.swift */ = {isa = PBXFileReference; path = AsyncEventTests.swift; sourceTree = "<group>"; };
		OBJ_41 /* AsyncObjectTests.swift */ = {isa = PBXFileReference; path = AsyncObjectTests.swift; sourceTree = "<group>"; };
		OBJ_42 /* AsyncSemaphoreTests.swift */ = {isa = PBXFileReference; path = AsyncSemaphoreTests.swift; sourceTree = "<group>"; };
		OBJ_43 /* CancellationSourceTests.swift */ = {isa = PBXFileReference; path = CancellationSourceTests.swift; sourceTree = "<group>"; };
		OBJ_44 /* LockerTests.swift */ = {isa = PBXFileReference; path = LockerTests.swift; sourceTree = "<group>"; };
		OBJ_45 /* NonThrowingFutureTests.swift */ = {isa = PBXFileReference; path = NonThrowingFutureTests.swift; sourceTree = "<group>"; };
		OBJ_46 /* SafeContinuationTests.swift */ = {isa = PBXFileReference; path = SafeContinuationTests.swift; sourceTree = "<group>"; };
		OBJ_47 /* StandardLibraryTests.swift */ = {isa = PBXFileReference; path = StandardLibraryTests.swift; sourceTree = "<group>"; };
		OBJ_48 /* TaskOperationTests.swift */ = {isa = PBXFileReference; path = TaskOperationTests.swift; sourceTree = "<group>"; };
		OBJ_49 /* TaskQueueTests.swift */ = {isa = PBXFileReference; path = TaskQueueTests.swift; sourceTree = "<group>"; };
		OBJ_50 /* ThrowingFutureTests.swift */ = {isa = PBXFileReference; path = ThrowingFutureTests.swift; sourceTree = "<group>"; };
		OBJ_51 /* XCTestCase.swift */ = {isa = PBXFileReference; path = XCTestCase.swift; sourceTree = "<group>"; };
		OBJ_58 /* _HashTable+Bucket.swift */ = {isa = PBXFileReference; path = "_HashTable+Bucket.swift"; sourceTree = "<group>"; };
		OBJ_59 /* _HashTable+BucketIterator.swift */ = {isa = PBXFileReference; path = "_HashTable+BucketIterator.swift"; sourceTree = "<group>"; };
		OBJ_6 /* Package.swift */ = {isa = PBXFileReference; explicitFileType = sourcecode.swift; path = Package.swift; sourceTree = "<group>"; };
		OBJ_60 /* _HashTable+Constants.swift */ = {isa = PBXFileReference; path = "_HashTable+Constants.swift"; sourceTree = "<group>"; };
		OBJ_61 /* _HashTable+CustomStringConvertible.swift */ = {isa = PBXFileReference; path = "_HashTable+CustomStringConvertible.swift"; sourceTree = "<group>"; };
		OBJ_62 /* _HashTable+Testing.swift */ = {isa = PBXFileReference; path = "_HashTable+Testing.swift"; sourceTree = "<group>"; };
		OBJ_63 /* _HashTable+UnsafeHandle.swift */ = {isa = PBXFileReference; path = "_HashTable+UnsafeHandle.swift"; sourceTree = "<group>"; };
		OBJ_64 /* _HashTable.swift */ = {isa = PBXFileReference; path = _HashTable.swift; sourceTree = "<group>"; };
		OBJ_65 /* _Hashtable+Header.swift */ = {isa = PBXFileReference; path = "_Hashtable+Header.swift"; sourceTree = "<group>"; };
		OBJ_67 /* OrderedDictionary+Codable.swift */ = {isa = PBXFileReference; path = "OrderedDictionary+Codable.swift"; sourceTree = "<group>"; };
		OBJ_68 /* OrderedDictionary+CustomDebugStringConvertible.swift */ = {isa = PBXFileReference; path = "OrderedDictionary+CustomDebugStringConvertible.swift"; sourceTree = "<group>"; };
		OBJ_69 /* OrderedDictionary+CustomReflectable.swift */ = {isa = PBXFileReference; path = "OrderedDictionary+CustomReflectable.swift"; sourceTree = "<group>"; };
		OBJ_70 /* OrderedDictionary+CustomStringConvertible.swift */ = {isa = PBXFileReference; path = "OrderedDictionary+CustomStringConvertible.swift"; sourceTree = "<group>"; };
		OBJ_71 /* OrderedDictionary+Deprecations.swift */ = {isa = PBXFileReference; path = "OrderedDictionary+Deprecations.swift"; sourceTree = "<group>"; };
		OBJ_72 /* OrderedDictionary+Elements+SubSequence.swift */ = {isa = PBXFileReference; path = "OrderedDictionary+Elements+SubSequence.swift"; sourceTree = "<group>"; };
		OBJ_73 /* OrderedDictionary+Elements.swift */ = {isa = PBXFileReference; path = "OrderedDictionary+Elements.swift"; sourceTree = "<group>"; };
		OBJ_74 /* OrderedDictionary+Equatable.swift */ = {isa = PBXFileReference; path = "OrderedDictionary+Equatable.swift"; sourceTree = "<group>"; };
		OBJ_75 /* OrderedDictionary+ExpressibleByDictionaryLiteral.swift */ = {isa = PBXFileReference; path = "OrderedDictionary+ExpressibleByDictionaryLiteral.swift"; sourceTree = "<group>"; };
		OBJ_76 /* OrderedDictionary+Hashable.swift */ = {isa = PBXFileReference; path = "OrderedDictionary+Hashable.swift"; sourceTree = "<group>"; };
		OBJ_77 /* OrderedDictionary+Initializers.swift */ = {isa = PBXFileReference; path = "OrderedDictionary+Initializers.swift"; sourceTree = "<group>"; };
		OBJ_78 /* OrderedDictionary+Invariants.swift */ = {isa = PBXFileReference; path = "OrderedDictionary+Invariants.swift"; sourceTree = "<group>"; };
		OBJ_79 /* OrderedDictionary+Partial MutableCollection.swift */ = {isa = PBXFileReference; path = "OrderedDictionary+Partial MutableCollection.swift"; sourceTree = "<group>"; };
		OBJ_8 /* AsyncObjects.xcconfig */ = {isa = PBXFileReference; name = AsyncObjects.xcconfig; path = Helpers/AsyncObjects.xcconfig; sourceTree = "<group>"; };
		OBJ_80 /* OrderedDictionary+Partial RangeReplaceableCollection.swift */ = {isa = PBXFileReference; path = "OrderedDictionary+Partial RangeReplaceableCollection.swift"; sourceTree = "<group>"; };
		OBJ_81 /* OrderedDictionary+Sequence.swift */ = {isa = PBXFileReference; path = "OrderedDictionary+Sequence.swift"; sourceTree = "<group>"; };
		OBJ_82 /* OrderedDictionary+Values.swift */ = {isa = PBXFileReference; path = "OrderedDictionary+Values.swift"; sourceTree = "<group>"; };
		OBJ_83 /* OrderedDictionary.swift */ = {isa = PBXFileReference; path = OrderedDictionary.swift; sourceTree = "<group>"; };
		OBJ_85 /* OrderedSet+Codable.swift */ = {isa = PBXFileReference; path = "OrderedSet+Codable.swift"; sourceTree = "<group>"; };
		OBJ_86 /* OrderedSet+CustomDebugStringConvertible.swift */ = {isa = PBXFileReference; path = "OrderedSet+CustomDebugStringConvertible.swift"; sourceTree = "<group>"; };
		OBJ_87 /* OrderedSet+CustomReflectable.swift */ = {isa = PBXFileReference; path = "OrderedSet+CustomReflectable.swift"; sourceTree = "<group>"; };
		OBJ_88 /* OrderedSet+CustomStringConvertible.swift */ = {isa = PBXFileReference; path = "OrderedSet+CustomStringConvertible.swift"; sourceTree = "<group>"; };
		OBJ_89 /* OrderedSet+Diffing.swift */ = {isa = PBXFileReference; path = "OrderedSet+Diffing.swift"; sourceTree = "<group>"; };
		OBJ_90 /* OrderedSet+Equatable.swift */ = {isa = PBXFileReference; path = "OrderedSet+Equatable.swift"; sourceTree = "<group>"; };
		OBJ_91 /* OrderedSet+ExpressibleByArrayLiteral.swift */ = {isa = PBXFileReference; path = "OrderedSet+ExpressibleByArrayLiteral.swift"; sourceTree = "<group>"; };
		OBJ_92 /* OrderedSet+Hashable.swift */ = {isa = PBXFileReference; path = "OrderedSet+Hashable.swift"; sourceTree = "<group>"; };
		OBJ_93 /* OrderedSet+Initializers.swift */ = {isa = PBXFileReference; path = "OrderedSet+Initializers.swift"; sourceTree = "<group>"; };
		OBJ_94 /* OrderedSet+Insertions.swift */ = {isa = PBXFileReference; path = "OrderedSet+Insertions.swift"; sourceTree = "<group>"; };
		OBJ_95 /* OrderedSet+Invariants.swift */ = {isa = PBXFileReference; path = "OrderedSet+Invariants.swift"; sourceTree = "<group>"; };
		OBJ_96 /* OrderedSet+Partial MutableCollection.swift */ = {isa = PBXFileReference; path = "OrderedSet+Partial MutableCollection.swift"; sourceTree = "<group>"; };
		OBJ_97 /* OrderedSet+Partial RangeReplaceableCollection.swift */ = {isa = PBXFileReference; path = "OrderedSet+Partial RangeReplaceableCollection.swift"; sourceTree = "<group>"; };
		OBJ_98 /* OrderedSet+Partial SetAlgebra+Basics.swift */ = {isa = PBXFileReference; path = "OrderedSet+Partial SetAlgebra+Basics.swift"; sourceTree = "<group>"; };
		OBJ_99 /* OrderedSet+Partial SetAlgebra+Operations.swift */ = {isa = PBXFileReference; path = "OrderedSet+Partial SetAlgebra+Operations.swift"; sourceTree = "<group>"; };
		asyncobjects::AsyncObjects::Product /* AsyncObjects.framework */ = {isa = PBXFileReference; path = AsyncObjects.framework; sourceTree = BUILT_PRODUCTS_DIR; };
		asyncobjects::AsyncObjectsTests::Product /* AsyncObjectsTests.xctest */ = {isa = PBXFileReference; path = AsyncObjectsTests.xctest; sourceTree = BUILT_PRODUCTS_DIR; };
		swift-collections::OrderedCollections::Product /* OrderedCollections.framework */ = {isa = PBXFileReference; path = OrderedCollections.framework; sourceTree = BUILT_PRODUCTS_DIR; };
/* End PBXFileReference section */

/* Begin PBXFrameworksBuildPhase section */
		OBJ_142 /* Frameworks */ = {
			isa = PBXFrameworksBuildPhase;
			files = (
				OBJ_143 /* OrderedCollections.framework in Frameworks */,
			);
		};
		OBJ_175 /* Frameworks */ = {
			isa = PBXFrameworksBuildPhase;
			files = (
				OBJ_176 /* AsyncObjects.framework in Frameworks */,
				OBJ_177 /* OrderedCollections.framework in Frameworks */,
			);
		};
		OBJ_234 /* Frameworks */ = {
			isa = PBXFrameworksBuildPhase;
			files = (
			);
		};
/* End PBXFrameworksBuildPhase section */

/* Begin PBXGroup section */
		OBJ_10 /* AsyncObjects */ = {
			isa = PBXGroup;
			children = (
				OBJ_11 /* AsyncCountdownEvent.swift */,
				OBJ_12 /* AsyncEvent.swift */,
				OBJ_13 /* AsyncSemaphore.swift */,
				OBJ_14 /* Base */,
				OBJ_18 /* CancellationSource.swift */,
				OBJ_19 /* Continuation */,
				OBJ_25 /* Extensions */,
				OBJ_28 /* Future.swift */,
				OBJ_29 /* Locks */,
				OBJ_32 /* Logging */,
				OBJ_34 /* TaskOperation.swift */,
				OBJ_35 /* TaskQueue.swift */,
				OBJ_36 /* TaskTracker.swift */,
				2F47541C0776B07302F70604 /* AsyncObjects.docc */,
			);
			name = AsyncObjects;
			path = Sources/AsyncObjects;
			sourceTree = SOURCE_ROOT;
		};
		OBJ_108 /* Utilities */ = {
			isa = PBXGroup;
			children = (
				OBJ_109 /* RandomAccessCollection+Offsets.swift */,
				OBJ_110 /* _UnsafeBitset.swift */,
			);
			name = Utilities;
			path = Utilities;
			sourceTree = "<group>";
		};
		OBJ_112 /* Products */ = {
			isa = PBXGroup;
			children = (
				asyncobjects::AsyncObjects::Product /* AsyncObjects.framework */,
				asyncobjects::AsyncObjectsTests::Product /* AsyncObjectsTests.xctest */,
				swift-collections::OrderedCollections::Product /* OrderedCollections.framework */,
			);
			name = Products;
			path = "";
			sourceTree = BUILT_PRODUCTS_DIR;
		};
		OBJ_14 /* Base */ = {
			isa = PBXGroup;
			children = (
				OBJ_15 /* AsyncObject+Clock.swift */,
				OBJ_16 /* AsyncObject+Duration.swift */,
				OBJ_17 /* AsyncObject.swift */,
			);
			name = Base;
			path = Base;
			sourceTree = "<group>";
		};
		OBJ_19 /* Continuation */ = {
			isa = PBXGroup;
			children = (
				OBJ_20 /* Continuable.swift */,
				OBJ_21 /* ContinuableCollection.swift */,
				OBJ_22 /* GlobalContinuation.swift */,
				OBJ_23 /* SafeContinuation.swift */,
				OBJ_24 /* SynchronizedContinuable.swift */,
			);
			name = Continuation;
			path = Continuation;
			sourceTree = "<group>";
		};
		OBJ_25 /* Extensions */ = {
			isa = PBXGroup;
			children = (
				OBJ_26 /* Task.swift */,
				OBJ_27 /* TaskGroup.swift */,
			);
			name = Extensions;
			path = Extensions;
			sourceTree = "<group>";
		};
		OBJ_29 /* Locks */ = {
			isa = PBXGroup;
			children = (
				OBJ_30 /* Exclusible.swift */,
				OBJ_31 /* Locker.swift */,
			);
			name = Locks;
			path = Locks;
			sourceTree = "<group>";
		};
		OBJ_32 /* Logging */ = {
			isa = PBXGroup;
			children = (
				OBJ_33 /* Loggable.swift */,
			);
			name = Logging;
			path = Logging;
			sourceTree = "<group>";
		};
		OBJ_37 /* Tests */ = {
			isa = PBXGroup;
			children = (
				OBJ_38 /* AsyncObjectsTests */,
			);
			name = Tests;
			path = "";
			sourceTree = SOURCE_ROOT;
		};
		OBJ_38 /* AsyncObjectsTests */ = {
			isa = PBXGroup;
			children = (
				OBJ_39 /* AsyncCountdownEventTests.swift */,
				OBJ_40 /* AsyncEventTests.swift */,
				OBJ_41 /* AsyncObjectTests.swift */,
				OBJ_42 /* AsyncSemaphoreTests.swift */,
				OBJ_43 /* CancellationSourceTests.swift */,
				OBJ_44 /* LockerTests.swift */,
				OBJ_45 /* NonThrowingFutureTests.swift */,
				OBJ_46 /* SafeContinuationTests.swift */,
				OBJ_47 /* StandardLibraryTests.swift */,
				OBJ_48 /* TaskOperationTests.swift */,
				OBJ_49 /* TaskQueueTests.swift */,
				OBJ_50 /* ThrowingFutureTests.swift */,
				OBJ_51 /* XCTestCase.swift */,
			);
			name = AsyncObjectsTests;
			path = Tests/AsyncObjectsTests;
			sourceTree = SOURCE_ROOT;
		};
		OBJ_5 = {
			isa = PBXGroup;
			children = (
				OBJ_6 /* Package.swift */,
				OBJ_7 /* Configs */,
				OBJ_9 /* Sources */,
				OBJ_37 /* Tests */,
				OBJ_52 /* Dependencies */,
				OBJ_112 /* Products */,
			);
			path = "";
			sourceTree = "<group>";
		};
		OBJ_52 /* Dependencies */ = {
			isa = PBXGroup;
			children = (
				OBJ_53 /* swift-collections 1.0.3 */,
			);
			name = Dependencies;
			path = "";
			sourceTree = "<group>";
		};
		OBJ_53 /* swift-collections 1.0.3 */ = {
			isa = PBXGroup;
			children = (
				OBJ_54 /* Collections */,
				OBJ_55 /* DequeModule */,
				OBJ_56 /* OrderedCollections */,
				OBJ_111 /* Package.swift */,
			);
			name = "swift-collections 1.0.3";
			path = "";
			sourceTree = SOURCE_ROOT;
		};
		OBJ_54 /* Collections */ = {
			isa = PBXGroup;
			children = (
			);
			name = Collections;
			path = ".build/checkouts/swift-collections/Sources/Collections";
			sourceTree = SOURCE_ROOT;
		};
		OBJ_55 /* DequeModule */ = {
			isa = PBXGroup;
			children = (
			);
			name = DequeModule;
			path = ".build/checkouts/swift-collections/Sources/DequeModule";
			sourceTree = SOURCE_ROOT;
		};
		OBJ_56 /* OrderedCollections */ = {
			isa = PBXGroup;
			children = (
				OBJ_57 /* HashTable */,
				OBJ_66 /* OrderedDictionary */,
				OBJ_84 /* OrderedSet */,
				OBJ_108 /* Utilities */,
			);
			name = OrderedCollections;
			path = ".build/checkouts/swift-collections/Sources/OrderedCollections";
			sourceTree = SOURCE_ROOT;
		};
		OBJ_57 /* HashTable */ = {
			isa = PBXGroup;
			children = (
				OBJ_58 /* _HashTable+Bucket.swift */,
				OBJ_59 /* _HashTable+BucketIterator.swift */,
				OBJ_60 /* _HashTable+Constants.swift */,
				OBJ_61 /* _HashTable+CustomStringConvertible.swift */,
				OBJ_62 /* _HashTable+Testing.swift */,
				OBJ_63 /* _HashTable+UnsafeHandle.swift */,
				OBJ_64 /* _HashTable.swift */,
				OBJ_65 /* _Hashtable+Header.swift */,
			);
			name = HashTable;
			path = HashTable;
			sourceTree = "<group>";
		};
		OBJ_66 /* OrderedDictionary */ = {
			isa = PBXGroup;
			children = (
				OBJ_67 /* OrderedDictionary+Codable.swift */,
				OBJ_68 /* OrderedDictionary+CustomDebugStringConvertible.swift */,
				OBJ_69 /* OrderedDictionary+CustomReflectable.swift */,
				OBJ_70 /* OrderedDictionary+CustomStringConvertible.swift */,
				OBJ_71 /* OrderedDictionary+Deprecations.swift */,
				OBJ_72 /* OrderedDictionary+Elements+SubSequence.swift */,
				OBJ_73 /* OrderedDictionary+Elements.swift */,
				OBJ_74 /* OrderedDictionary+Equatable.swift */,
				OBJ_75 /* OrderedDictionary+ExpressibleByDictionaryLiteral.swift */,
				OBJ_76 /* OrderedDictionary+Hashable.swift */,
				OBJ_77 /* OrderedDictionary+Initializers.swift */,
				OBJ_78 /* OrderedDictionary+Invariants.swift */,
				OBJ_79 /* OrderedDictionary+Partial MutableCollection.swift */,
				OBJ_80 /* OrderedDictionary+Partial RangeReplaceableCollection.swift */,
				OBJ_81 /* OrderedDictionary+Sequence.swift */,
				OBJ_82 /* OrderedDictionary+Values.swift */,
				OBJ_83 /* OrderedDictionary.swift */,
			);
			name = OrderedDictionary;
			path = OrderedDictionary;
			sourceTree = "<group>";
		};
		OBJ_7 /* Configs */ = {
			isa = PBXGroup;
			children = (
				OBJ_8 /* AsyncObjects.xcconfig */,
			);
			name = Configs;
			path = "";
			sourceTree = "<group>";
		};
		OBJ_84 /* OrderedSet */ = {
			isa = PBXGroup;
			children = (
				OBJ_85 /* OrderedSet+Codable.swift */,
				OBJ_86 /* OrderedSet+CustomDebugStringConvertible.swift */,
				OBJ_87 /* OrderedSet+CustomReflectable.swift */,
				OBJ_88 /* OrderedSet+CustomStringConvertible.swift */,
				OBJ_89 /* OrderedSet+Diffing.swift */,
				OBJ_90 /* OrderedSet+Equatable.swift */,
				OBJ_91 /* OrderedSet+ExpressibleByArrayLiteral.swift */,
				OBJ_92 /* OrderedSet+Hashable.swift */,
				OBJ_93 /* OrderedSet+Initializers.swift */,
				OBJ_94 /* OrderedSet+Insertions.swift */,
				OBJ_95 /* OrderedSet+Invariants.swift */,
				OBJ_96 /* OrderedSet+Partial MutableCollection.swift */,
				OBJ_97 /* OrderedSet+Partial RangeReplaceableCollection.swift */,
				OBJ_98 /* OrderedSet+Partial SetAlgebra+Basics.swift */,
				OBJ_99 /* OrderedSet+Partial SetAlgebra+Operations.swift */,
				OBJ_100 /* OrderedSet+Partial SetAlgebra+Predicates.swift */,
				OBJ_101 /* OrderedSet+RandomAccessCollection.swift */,
				OBJ_102 /* OrderedSet+ReserveCapacity.swift */,
				OBJ_103 /* OrderedSet+SubSequence.swift */,
				OBJ_104 /* OrderedSet+Testing.swift */,
				OBJ_105 /* OrderedSet+UnorderedView.swift */,
				OBJ_106 /* OrderedSet+UnstableInternals.swift */,
				OBJ_107 /* OrderedSet.swift */,
			);
			name = OrderedSet;
			path = OrderedSet;
			sourceTree = "<group>";
		};
		OBJ_9 /* Sources */ = {
			isa = PBXGroup;
			children = (
				OBJ_10 /* AsyncObjects */,
			);
			name = Sources;
			path = "";
			sourceTree = SOURCE_ROOT;
		};
/* End PBXGroup section */

/* Begin PBXNativeTarget section */
		asyncobjects::AsyncObjects /* AsyncObjects */ = {
			isa = PBXNativeTarget;
			buildConfigurationList = OBJ_117 /* Build configuration list for PBXNativeTarget "AsyncObjects" */;
			buildPhases = (
				OBJ_120 /* Sources */,
				OBJ_142 /* Frameworks */,
			);
			buildRules = (
			);
			dependencies = (
				OBJ_144 /* PBXTargetDependency */,
			);
			name = AsyncObjects;
			productName = AsyncObjects;
			productReference = asyncobjects::AsyncObjects::Product /* AsyncObjects.framework */;
			productType = "com.apple.product-type.framework";
		};
		asyncobjects::AsyncObjectsTests /* AsyncObjectsTests */ = {
			isa = PBXNativeTarget;
			buildConfigurationList = OBJ_158 /* Build configuration list for PBXNativeTarget "AsyncObjectsTests" */;
			buildPhases = (
				OBJ_161 /* Sources */,
				OBJ_175 /* Frameworks */,
			);
			buildRules = (
			);
			dependencies = (
				OBJ_178 /* PBXTargetDependency */,
				OBJ_179 /* PBXTargetDependency */,
			);
			name = AsyncObjectsTests;
			productName = AsyncObjectsTests;
			productReference = asyncobjects::AsyncObjectsTests::Product /* AsyncObjectsTests.xctest */;
			productType = "com.apple.product-type.bundle.unit-test";
		};
		asyncobjects::SwiftPMPackageDescription /* AsyncObjectsPackageDescription */ = {
			isa = PBXNativeTarget;
			buildConfigurationList = OBJ_147 /* Build configuration list for PBXNativeTarget "AsyncObjectsPackageDescription" */;
			buildPhases = (
				OBJ_150 /* Sources */,
			);
			buildRules = (
			);
			dependencies = (
			);
			name = AsyncObjectsPackageDescription;
			productName = AsyncObjectsPackageDescription;
			productType = "com.apple.product-type.framework";
		};
		swift-collections::OrderedCollections /* OrderedCollections */ = {
			isa = PBXNativeTarget;
			buildConfigurationList = OBJ_180 /* Build configuration list for PBXNativeTarget "OrderedCollections" */;
			buildPhases = (
				OBJ_183 /* Sources */,
				OBJ_234 /* Frameworks */,
			);
			buildRules = (
			);
			dependencies = (
			);
			name = OrderedCollections;
			productName = OrderedCollections;
			productReference = swift-collections::OrderedCollections::Product /* OrderedCollections.framework */;
			productType = "com.apple.product-type.framework";
		};
		swift-collections::SwiftPMPackageDescription /* swift-collectionsPackageDescription */ = {
			isa = PBXNativeTarget;
			buildConfigurationList = OBJ_236 /* Build configuration list for PBXNativeTarget "swift-collectionsPackageDescription" */;
			buildPhases = (
				OBJ_239 /* Sources */,
			);
			buildRules = (
			);
			dependencies = (
			);
			name = "swift-collectionsPackageDescription";
			productName = "swift-collectionsPackageDescription";
			productType = "com.apple.product-type.framework";
		};
/* End PBXNativeTarget section */

/* Begin PBXProject section */
		OBJ_1 /* Project object */ = {
			isa = PBXProject;
			attributes = {
				LastSwiftMigration = 9999;
				LastUpgradeCheck = 9999;
			};
			buildConfigurationList = OBJ_2 /* Build configuration list for PBXProject "AsyncObjects" */;
			compatibilityVersion = "Xcode 3.2";
			developmentRegion = en;
			hasScannedForEncodings = 0;
			knownRegions = (
				en,
			);
			mainGroup = OBJ_5;
			productRefGroup = OBJ_112 /* Products */;
			projectDirPath = .;
			targets = (
				asyncobjects::AsyncObjects /* AsyncObjects */,
				asyncobjects::SwiftPMPackageDescription /* AsyncObjectsPackageDescription */,
				asyncobjects::AsyncObjectsPackageTests::ProductTarget /* AsyncObjectsPackageTests */,
				asyncobjects::AsyncObjectsTests /* AsyncObjectsTests */,
				swift-collections::OrderedCollections /* OrderedCollections */,
				swift-collections::SwiftPMPackageDescription /* swift-collectionsPackageDescription */,
			);
		};
/* End PBXProject section */

/* Begin PBXSourcesBuildPhase section */
		OBJ_120 /* Sources */ = {
			isa = PBXSourcesBuildPhase;
			files = (
				OBJ_121 /* AsyncCountdownEvent.swift in Sources */,
				OBJ_122 /* AsyncEvent.swift in Sources */,
				OBJ_123 /* AsyncSemaphore.swift in Sources */,
				OBJ_124 /* AsyncObject+Clock.swift in Sources */,
				OBJ_125 /* AsyncObject+Duration.swift in Sources */,
				OBJ_126 /* AsyncObject.swift in Sources */,
				OBJ_127 /* CancellationSource.swift in Sources */,
				OBJ_128 /* Continuable.swift in Sources */,
				OBJ_129 /* ContinuableCollection.swift in Sources */,
				OBJ_130 /* GlobalContinuation.swift in Sources */,
				OBJ_131 /* SafeContinuation.swift in Sources */,
				OBJ_132 /* SynchronizedContinuable.swift in Sources */,
				OBJ_133 /* Task.swift in Sources */,
				OBJ_134 /* TaskGroup.swift in Sources */,
				OBJ_135 /* Future.swift in Sources */,
				OBJ_136 /* Exclusible.swift in Sources */,
				OBJ_137 /* Locker.swift in Sources */,
				OBJ_138 /* Loggable.swift in Sources */,
				OBJ_139 /* TaskOperation.swift in Sources */,
				OBJ_140 /* TaskQueue.swift in Sources */,
				OBJ_141 /* TaskTracker.swift in Sources */,
				406566C141931E51CFCE4B8D /* AsyncObjects.docc in Sources */,
			);
		};
		OBJ_150 /* Sources */ = {
			isa = PBXSourcesBuildPhase;
			files = (
				OBJ_151 /* Package.swift in Sources */,
			);
		};
		OBJ_161 /* Sources */ = {
			isa = PBXSourcesBuildPhase;
			files = (
				OBJ_162 /* AsyncCountdownEventTests.swift in Sources */,
				OBJ_163 /* AsyncEventTests.swift in Sources */,
				OBJ_164 /* AsyncObjectTests.swift in Sources */,
				OBJ_165 /* AsyncSemaphoreTests.swift in Sources */,
				OBJ_166 /* CancellationSourceTests.swift in Sources */,
				OBJ_167 /* LockerTests.swift in Sources */,
				OBJ_168 /* NonThrowingFutureTests.swift in Sources */,
				OBJ_169 /* SafeContinuationTests.swift in Sources */,
				OBJ_170 /* StandardLibraryTests.swift in Sources */,
				OBJ_171 /* TaskOperationTests.swift in Sources */,
				OBJ_172 /* TaskQueueTests.swift in Sources */,
				OBJ_173 /* ThrowingFutureTests.swift in Sources */,
				OBJ_174 /* XCTestCase.swift in Sources */,
			);
		};
		OBJ_183 /* Sources */ = {
			isa = PBXSourcesBuildPhase;
			files = (
				OBJ_184 /* _HashTable+Bucket.swift in Sources */,
				OBJ_185 /* _HashTable+BucketIterator.swift in Sources */,
				OBJ_186 /* _HashTable+Constants.swift in Sources */,
				OBJ_187 /* _HashTable+CustomStringConvertible.swift in Sources */,
				OBJ_188 /* _HashTable+Testing.swift in Sources */,
				OBJ_189 /* _HashTable+UnsafeHandle.swift in Sources */,
				OBJ_190 /* _HashTable.swift in Sources */,
				OBJ_191 /* _Hashtable+Header.swift in Sources */,
				OBJ_192 /* OrderedDictionary+Codable.swift in Sources */,
				OBJ_193 /* OrderedDictionary+CustomDebugStringConvertible.swift in Sources */,
				OBJ_194 /* OrderedDictionary+CustomReflectable.swift in Sources */,
				OBJ_195 /* OrderedDictionary+CustomStringConvertible.swift in Sources */,
				OBJ_196 /* OrderedDictionary+Deprecations.swift in Sources */,
				OBJ_197 /* OrderedDictionary+Elements+SubSequence.swift in Sources */,
				OBJ_198 /* OrderedDictionary+Elements.swift in Sources */,
				OBJ_199 /* OrderedDictionary+Equatable.swift in Sources */,
				OBJ_200 /* OrderedDictionary+ExpressibleByDictionaryLiteral.swift in Sources */,
				OBJ_201 /* OrderedDictionary+Hashable.swift in Sources */,
				OBJ_202 /* OrderedDictionary+Initializers.swift in Sources */,
				OBJ_203 /* OrderedDictionary+Invariants.swift in Sources */,
				OBJ_204 /* OrderedDictionary+Partial MutableCollection.swift in Sources */,
				OBJ_205 /* OrderedDictionary+Partial RangeReplaceableCollection.swift in Sources */,
				OBJ_206 /* OrderedDictionary+Sequence.swift in Sources */,
				OBJ_207 /* OrderedDictionary+Values.swift in Sources */,
				OBJ_208 /* OrderedDictionary.swift in Sources */,
				OBJ_209 /* OrderedSet+Codable.swift in Sources */,
				OBJ_210 /* OrderedSet+CustomDebugStringConvertible.swift in Sources */,
				OBJ_211 /* OrderedSet+CustomReflectable.swift in Sources */,
				OBJ_212 /* OrderedSet+CustomStringConvertible.swift in Sources */,
				OBJ_213 /* OrderedSet+Diffing.swift in Sources */,
				OBJ_214 /* OrderedSet+Equatable.swift in Sources */,
				OBJ_215 /* OrderedSet+ExpressibleByArrayLiteral.swift in Sources */,
				OBJ_216 /* OrderedSet+Hashable.swift in Sources */,
				OBJ_217 /* OrderedSet+Initializers.swift in Sources */,
				OBJ_218 /* OrderedSet+Insertions.swift in Sources */,
				OBJ_219 /* OrderedSet+Invariants.swift in Sources */,
				OBJ_220 /* OrderedSet+Partial MutableCollection.swift in Sources */,
				OBJ_221 /* OrderedSet+Partial RangeReplaceableCollection.swift in Sources */,
				OBJ_222 /* OrderedSet+Partial SetAlgebra+Basics.swift in Sources */,
				OBJ_223 /* OrderedSet+Partial SetAlgebra+Operations.swift in Sources */,
				OBJ_224 /* OrderedSet+Partial SetAlgebra+Predicates.swift in Sources */,
				OBJ_225 /* OrderedSet+RandomAccessCollection.swift in Sources */,
				OBJ_226 /* OrderedSet+ReserveCapacity.swift in Sources */,
				OBJ_227 /* OrderedSet+SubSequence.swift in Sources */,
				OBJ_228 /* OrderedSet+Testing.swift in Sources */,
				OBJ_229 /* OrderedSet+UnorderedView.swift in Sources */,
				OBJ_230 /* OrderedSet+UnstableInternals.swift in Sources */,
				OBJ_231 /* OrderedSet.swift in Sources */,
				OBJ_232 /* RandomAccessCollection+Offsets.swift in Sources */,
				OBJ_233 /* _UnsafeBitset.swift in Sources */,
			);
		};
		OBJ_239 /* Sources */ = {
			isa = PBXSourcesBuildPhase;
			files = (
				OBJ_240 /* Package.swift in Sources */,
			);
		};
/* End PBXSourcesBuildPhase section */

/* Begin PBXTargetDependency section */
		OBJ_144 /* PBXTargetDependency */ = {
			isa = PBXTargetDependency;
			target = swift-collections::OrderedCollections /* OrderedCollections */;
		};
		OBJ_156 /* PBXTargetDependency */ = {
			isa = PBXTargetDependency;
			target = asyncobjects::AsyncObjectsTests /* AsyncObjectsTests */;
		};
		OBJ_178 /* PBXTargetDependency */ = {
			isa = PBXTargetDependency;
			target = asyncobjects::AsyncObjects /* AsyncObjects */;
		};
		OBJ_179 /* PBXTargetDependency */ = {
			isa = PBXTargetDependency;
			target = swift-collections::OrderedCollections /* OrderedCollections */;
		};
/* End PBXTargetDependency section */

/* Begin XCBuildConfiguration section */
		OBJ_118 /* Debug */ = {
			isa = XCBuildConfiguration;
			baseConfigurationReference = OBJ_8 /* AsyncObjects.xcconfig */;
			buildSettings = {
				CURRENT_PROJECT_VERSION = 1;
				DRIVERKIT_DEPLOYMENT_TARGET = 19.0;
				ENABLE_TESTABILITY = YES;
				FRAMEWORK_SEARCH_PATHS = (
					"$(inherited)",
					"$(PLATFORM_DIR)/Developer/Library/Frameworks",
				);
				HEADER_SEARCH_PATHS = "$(inherited)";
				INFOPLIST_FILE = AsyncObjects.xcodeproj/AsyncObjects_Info.plist;
				IPHONEOS_DEPLOYMENT_TARGET = 13.0;
				LD_RUNPATH_SEARCH_PATHS = "$(inherited) $(TOOLCHAIN_DIR)/usr/lib/swift/macosx";
				MACOSX_DEPLOYMENT_TARGET = 10.15;
				OTHER_CFLAGS = "$(inherited)";
				OTHER_LDFLAGS = "$(inherited)";
				OTHER_SWIFT_FLAGS = "$(inherited)";
				PRODUCT_BUNDLE_IDENTIFIER = AsyncObjects;
				PRODUCT_MODULE_NAME = "$(TARGET_NAME:c99extidentifier)";
				PRODUCT_NAME = "$(TARGET_NAME:c99extidentifier)";
				SKIP_INSTALL = YES;
				SWIFT_ACTIVE_COMPILATION_CONDITIONS = "$(inherited)";
				SWIFT_VERSION = 5.0;
				TARGET_NAME = AsyncObjects;
				TVOS_DEPLOYMENT_TARGET = 13.0;
				WATCHOS_DEPLOYMENT_TARGET = 6.0;
			};
			name = Debug;
		};
		OBJ_119 /* Release */ = {
			isa = XCBuildConfiguration;
			baseConfigurationReference = OBJ_8 /* AsyncObjects.xcconfig */;
			buildSettings = {
				CURRENT_PROJECT_VERSION = 1;
				DRIVERKIT_DEPLOYMENT_TARGET = 19.0;
				ENABLE_TESTABILITY = YES;
				FRAMEWORK_SEARCH_PATHS = (
					"$(inherited)",
					"$(PLATFORM_DIR)/Developer/Library/Frameworks",
				);
				HEADER_SEARCH_PATHS = "$(inherited)";
				INFOPLIST_FILE = AsyncObjects.xcodeproj/AsyncObjects_Info.plist;
				IPHONEOS_DEPLOYMENT_TARGET = 13.0;
				LD_RUNPATH_SEARCH_PATHS = "$(inherited) $(TOOLCHAIN_DIR)/usr/lib/swift/macosx";
				MACOSX_DEPLOYMENT_TARGET = 10.15;
				OTHER_CFLAGS = "$(inherited)";
				OTHER_LDFLAGS = "$(inherited)";
				OTHER_SWIFT_FLAGS = "$(inherited)";
				PRODUCT_BUNDLE_IDENTIFIER = AsyncObjects;
				PRODUCT_MODULE_NAME = "$(TARGET_NAME:c99extidentifier)";
				PRODUCT_NAME = "$(TARGET_NAME:c99extidentifier)";
				SKIP_INSTALL = YES;
				SWIFT_ACTIVE_COMPILATION_CONDITIONS = "$(inherited)";
				SWIFT_VERSION = 5.0;
				TARGET_NAME = AsyncObjects;
				TVOS_DEPLOYMENT_TARGET = 13.0;
				WATCHOS_DEPLOYMENT_TARGET = 6.0;
			};
			name = Release;
		};
		OBJ_148 /* Debug */ = {
			isa = XCBuildConfiguration;
			buildSettings = {
				LD = /usr/bin/true;
				OTHER_SWIFT_FLAGS = "-swift-version 5 -I $(TOOLCHAIN_DIR)/usr/lib/swift/pm/ManifestAPI -sdk /Applications/Xcode.app/Contents/Developer/Platforms/MacOSX.platform/Developer/SDKs/MacOSX13.0.sdk -package-description-version 5.6.0";
				SWIFT_VERSION = 5.0;
			};
			name = Debug;
		};
		OBJ_149 /* Release */ = {
			isa = XCBuildConfiguration;
			buildSettings = {
				LD = /usr/bin/true;
				OTHER_SWIFT_FLAGS = "-swift-version 5 -I $(TOOLCHAIN_DIR)/usr/lib/swift/pm/ManifestAPI -sdk /Applications/Xcode.app/Contents/Developer/Platforms/MacOSX.platform/Developer/SDKs/MacOSX13.0.sdk -package-description-version 5.6.0";
				SWIFT_VERSION = 5.0;
			};
			name = Release;
		};
		OBJ_154 /* Debug */ = {
			isa = XCBuildConfiguration;
			buildSettings = {
			};
			name = Debug;
		};
		OBJ_155 /* Release */ = {
			isa = XCBuildConfiguration;
			buildSettings = {
			};
			name = Release;
		};
		OBJ_159 /* Debug */ = {
			isa = XCBuildConfiguration;
			baseConfigurationReference = OBJ_8 /* AsyncObjects.xcconfig */;
			buildSettings = {
				CLANG_ENABLE_MODULES = YES;
				CURRENT_PROJECT_VERSION = 1;
				DRIVERKIT_DEPLOYMENT_TARGET = 19.0;
				EMBEDDED_CONTENT_CONTAINS_SWIFT = YES;
				FRAMEWORK_SEARCH_PATHS = (
					"$(inherited)",
					"$(PLATFORM_DIR)/Developer/Library/Frameworks",
				);
				HEADER_SEARCH_PATHS = "$(inherited)";
				INFOPLIST_FILE = AsyncObjects.xcodeproj/AsyncObjectsTests_Info.plist;
				IPHONEOS_DEPLOYMENT_TARGET = 14.0;
				LD_RUNPATH_SEARCH_PATHS = "$(inherited) @loader_path/../Frameworks @loader_path/Frameworks";
				MACOSX_DEPLOYMENT_TARGET = 11.0;
				OTHER_CFLAGS = "$(inherited)";
				OTHER_LDFLAGS = "$(inherited)";
				OTHER_SWIFT_FLAGS = "$(inherited)";
				SWIFT_ACTIVE_COMPILATION_CONDITIONS = "$(inherited)";
				SWIFT_VERSION = 5.0;
				TARGET_NAME = AsyncObjectsTests;
				TVOS_DEPLOYMENT_TARGET = 14.0;
				WATCHOS_DEPLOYMENT_TARGET = 7.0;
			};
			name = Debug;
		};
		OBJ_160 /* Release */ = {
			isa = XCBuildConfiguration;
			baseConfigurationReference = OBJ_8 /* AsyncObjects.xcconfig */;
			buildSettings = {
				CLANG_ENABLE_MODULES = YES;
				CURRENT_PROJECT_VERSION = 1;
				DRIVERKIT_DEPLOYMENT_TARGET = 19.0;
				EMBEDDED_CONTENT_CONTAINS_SWIFT = YES;
				FRAMEWORK_SEARCH_PATHS = (
					"$(inherited)",
					"$(PLATFORM_DIR)/Developer/Library/Frameworks",
				);
				HEADER_SEARCH_PATHS = "$(inherited)";
				INFOPLIST_FILE = AsyncObjects.xcodeproj/AsyncObjectsTests_Info.plist;
				IPHONEOS_DEPLOYMENT_TARGET = 14.0;
				LD_RUNPATH_SEARCH_PATHS = "$(inherited) @loader_path/../Frameworks @loader_path/Frameworks";
				MACOSX_DEPLOYMENT_TARGET = 11.0;
				OTHER_CFLAGS = "$(inherited)";
				OTHER_LDFLAGS = "$(inherited)";
				OTHER_SWIFT_FLAGS = "$(inherited)";
				SWIFT_ACTIVE_COMPILATION_CONDITIONS = "$(inherited)";
				SWIFT_VERSION = 5.0;
				TARGET_NAME = AsyncObjectsTests;
				TVOS_DEPLOYMENT_TARGET = 14.0;
				WATCHOS_DEPLOYMENT_TARGET = 7.0;
			};
			name = Release;
		};
		OBJ_181 /* Debug */ = {
			isa = XCBuildConfiguration;
			baseConfigurationReference = OBJ_8 /* AsyncObjects.xcconfig */;
			buildSettings = {
				CURRENT_PROJECT_VERSION = 1;
				DRIVERKIT_DEPLOYMENT_TARGET = 19.0;
				ENABLE_TESTABILITY = YES;
				FRAMEWORK_SEARCH_PATHS = (
					"$(inherited)",
					"$(PLATFORM_DIR)/Developer/Library/Frameworks",
				);
				HEADER_SEARCH_PATHS = "$(inherited)";
				INFOPLIST_FILE = AsyncObjects.xcodeproj/OrderedCollections_Info.plist;
				IPHONEOS_DEPLOYMENT_TARGET = 11.0;
				LD_RUNPATH_SEARCH_PATHS = "$(inherited) $(TOOLCHAIN_DIR)/usr/lib/swift/macosx";
				MACOSX_DEPLOYMENT_TARGET = 10.13;
				OTHER_CFLAGS = "$(inherited)";
				OTHER_LDFLAGS = "$(inherited)";
				OTHER_SWIFT_FLAGS = "$(inherited)";
				PRODUCT_BUNDLE_IDENTIFIER = OrderedCollections;
				PRODUCT_MODULE_NAME = "$(TARGET_NAME:c99extidentifier)";
				PRODUCT_NAME = "$(TARGET_NAME:c99extidentifier)";
				SKIP_INSTALL = YES;
				SWIFT_ACTIVE_COMPILATION_CONDITIONS = "$(inherited)";
				SWIFT_VERSION = 5.0;
				TARGET_NAME = OrderedCollections;
				TVOS_DEPLOYMENT_TARGET = 11.0;
				WATCHOS_DEPLOYMENT_TARGET = 4.0;
			};
			name = Debug;
		};
		OBJ_182 /* Release */ = {
			isa = XCBuildConfiguration;
			baseConfigurationReference = OBJ_8 /* AsyncObjects.xcconfig */;
			buildSettings = {
				CURRENT_PROJECT_VERSION = 1;
				DRIVERKIT_DEPLOYMENT_TARGET = 19.0;
				ENABLE_TESTABILITY = YES;
				FRAMEWORK_SEARCH_PATHS = (
					"$(inherited)",
					"$(PLATFORM_DIR)/Developer/Library/Frameworks",
				);
				HEADER_SEARCH_PATHS = "$(inherited)";
				INFOPLIST_FILE = AsyncObjects.xcodeproj/OrderedCollections_Info.plist;
				IPHONEOS_DEPLOYMENT_TARGET = 11.0;
				LD_RUNPATH_SEARCH_PATHS = "$(inherited) $(TOOLCHAIN_DIR)/usr/lib/swift/macosx";
				MACOSX_DEPLOYMENT_TARGET = 10.13;
				OTHER_CFLAGS = "$(inherited)";
				OTHER_LDFLAGS = "$(inherited)";
				OTHER_SWIFT_FLAGS = "$(inherited)";
				PRODUCT_BUNDLE_IDENTIFIER = OrderedCollections;
				PRODUCT_MODULE_NAME = "$(TARGET_NAME:c99extidentifier)";
				PRODUCT_NAME = "$(TARGET_NAME:c99extidentifier)";
				SKIP_INSTALL = YES;
				SWIFT_ACTIVE_COMPILATION_CONDITIONS = "$(inherited)";
				SWIFT_VERSION = 5.0;
				TARGET_NAME = OrderedCollections;
				TVOS_DEPLOYMENT_TARGET = 11.0;
				WATCHOS_DEPLOYMENT_TARGET = 4.0;
			};
			name = Release;
		};
		OBJ_237 /* Debug */ = {
			isa = XCBuildConfiguration;
			buildSettings = {
				LD = /usr/bin/true;
				OTHER_SWIFT_FLAGS = "-swift-version 5 -I $(TOOLCHAIN_DIR)/usr/lib/swift/pm/ManifestAPI -sdk /Applications/Xcode.app/Contents/Developer/Platforms/MacOSX.platform/Developer/SDKs/MacOSX13.0.sdk -package-description-version 5.3.0";
				SWIFT_VERSION = 5.0;
			};
			name = Debug;
		};
		OBJ_238 /* Release */ = {
			isa = XCBuildConfiguration;
			buildSettings = {
				LD = /usr/bin/true;
				OTHER_SWIFT_FLAGS = "-swift-version 5 -I $(TOOLCHAIN_DIR)/usr/lib/swift/pm/ManifestAPI -sdk /Applications/Xcode.app/Contents/Developer/Platforms/MacOSX.platform/Developer/SDKs/MacOSX13.0.sdk -package-description-version 5.3.0";
				SWIFT_VERSION = 5.0;
			};
			name = Release;
		};
		OBJ_3 /* Debug */ = {
			isa = XCBuildConfiguration;
			buildSettings = {
				CLANG_ENABLE_OBJC_ARC = YES;
				COMBINE_HIDPI_IMAGES = YES;
				COPY_PHASE_STRIP = NO;
				DEBUG_INFORMATION_FORMAT = dwarf;
				DYLIB_INSTALL_NAME_BASE = "@rpath";
				ENABLE_NS_ASSERTIONS = YES;
				GCC_OPTIMIZATION_LEVEL = 0;
				GCC_PREPROCESSOR_DEFINITIONS = (
					"$(inherited)",
					"SWIFT_PACKAGE=1",
					"DEBUG=1",
				);
				MACOSX_DEPLOYMENT_TARGET = 10.10;
				ONLY_ACTIVE_ARCH = YES;
				OTHER_SWIFT_FLAGS = "$(inherited) -DXcode";
				PRODUCT_NAME = "$(TARGET_NAME)";
				SDKROOT = macosx;
				SUPPORTED_PLATFORMS = "$(AVAILABLE_PLATFORMS)";
				SUPPORTS_MACCATALYST = YES;
				SWIFT_ACTIVE_COMPILATION_CONDITIONS = "$(inherited) SWIFT_PACKAGE DEBUG";
				SWIFT_OPTIMIZATION_LEVEL = "-Onone";
				USE_HEADERMAP = NO;
			};
			name = Debug;
		};
		OBJ_4 /* Release */ = {
			isa = XCBuildConfiguration;
			buildSettings = {
				CLANG_ENABLE_OBJC_ARC = YES;
				COMBINE_HIDPI_IMAGES = YES;
				COPY_PHASE_STRIP = YES;
				DEBUG_INFORMATION_FORMAT = "dwarf-with-dsym";
				DYLIB_INSTALL_NAME_BASE = "@rpath";
				GCC_OPTIMIZATION_LEVEL = s;
				GCC_PREPROCESSOR_DEFINITIONS = (
					"$(inherited)",
					"SWIFT_PACKAGE=1",
				);
				MACOSX_DEPLOYMENT_TARGET = 10.10;
				OTHER_SWIFT_FLAGS = "$(inherited) -DXcode";
				PRODUCT_NAME = "$(TARGET_NAME)";
				SDKROOT = macosx;
				SUPPORTED_PLATFORMS = "$(AVAILABLE_PLATFORMS)";
				SUPPORTS_MACCATALYST = YES;
				SWIFT_ACTIVE_COMPILATION_CONDITIONS = "$(inherited) SWIFT_PACKAGE";
				SWIFT_OPTIMIZATION_LEVEL = "-Owholemodule";
				USE_HEADERMAP = NO;
			};
			name = Release;
		};
/* End XCBuildConfiguration section */

/* Begin XCConfigurationList section */
		OBJ_117 /* Build configuration list for PBXNativeTarget "AsyncObjects" */ = {
			isa = XCConfigurationList;
			buildConfigurations = (
				OBJ_118 /* Debug */,
				OBJ_119 /* Release */,
			);
			defaultConfigurationIsVisible = 0;
			defaultConfigurationName = Release;
		};
		OBJ_147 /* Build configuration list for PBXNativeTarget "AsyncObjectsPackageDescription" */ = {
			isa = XCConfigurationList;
			buildConfigurations = (
				OBJ_148 /* Debug */,
				OBJ_149 /* Release */,
			);
			defaultConfigurationIsVisible = 0;
			defaultConfigurationName = Release;
		};
		OBJ_153 /* Build configuration list for PBXAggregateTarget "AsyncObjectsPackageTests" */ = {
			isa = XCConfigurationList;
			buildConfigurations = (
				OBJ_154 /* Debug */,
				OBJ_155 /* Release */,
			);
			defaultConfigurationIsVisible = 0;
			defaultConfigurationName = Release;
		};
		OBJ_158 /* Build configuration list for PBXNativeTarget "AsyncObjectsTests" */ = {
			isa = XCConfigurationList;
			buildConfigurations = (
				OBJ_159 /* Debug */,
				OBJ_160 /* Release */,
			);
			defaultConfigurationIsVisible = 0;
			defaultConfigurationName = Release;
		};
		OBJ_180 /* Build configuration list for PBXNativeTarget "OrderedCollections" */ = {
			isa = XCConfigurationList;
			buildConfigurations = (
				OBJ_181 /* Debug */,
				OBJ_182 /* Release */,
			);
			defaultConfigurationIsVisible = 0;
			defaultConfigurationName = Release;
		};
		OBJ_2 /* Build configuration list for PBXProject "AsyncObjects" */ = {
			isa = XCConfigurationList;
			buildConfigurations = (
				OBJ_3 /* Debug */,
				OBJ_4 /* Release */,
			);
			defaultConfigurationIsVisible = 0;
			defaultConfigurationName = Release;
		};
		OBJ_236 /* Build configuration list for PBXNativeTarget "swift-collectionsPackageDescription" */ = {
			isa = XCConfigurationList;
			buildConfigurations = (
				OBJ_237 /* Debug */,
				OBJ_238 /* Release */,
			);
			defaultConfigurationIsVisible = 0;
			defaultConfigurationName = Release;
		};
/* End XCConfigurationList section */
	};
	rootObject = OBJ_1 /* Project object */;
}
