// !$*UTF8*$!
{
	archiveVersion = 1;
	classes = {
	};
	objectVersion = 46;
	objects = {

/* Begin PBXAggregateTarget section */
		asyncobject::AsyncObjectPackageTests::ProductTarget /* AsyncObjectPackageTests */ = {
			isa = PBXAggregateTarget;
			buildConfigurationList = OBJ_100 /* Build configuration list for PBXAggregateTarget "AsyncObjectPackageTests" */;
			buildPhases = (
			);
			dependencies = (
				OBJ_103 /* PBXTargetDependency */,
			);
			name = AsyncObjectPackageTests;
			productName = AsyncObjectPackageTests;
		};
/* End PBXAggregateTarget section */

/* Begin PBXBuildFile section */
		09AF6949DD0FA835B3F5E3C4 /* AsyncObject.docc in Sources */ = {isa = PBXBuildFile; fileRef = DC9C0D8BA0D1A8641769373A /* AsyncObject.docc */; };
		OBJ_109 /* AsyncSemaphoreTests.swift in Sources */ = {isa = PBXBuildFile; fileRef = OBJ_15 /* AsyncSemaphoreTests.swift */; };
		OBJ_110 /* XCTestCase.swift in Sources */ = {isa = PBXBuildFile; fileRef = OBJ_16 /* XCTestCase.swift */; };
		OBJ_111 /* XCTestManifests.swift in Sources */ = {isa = PBXBuildFile; fileRef = OBJ_17 /* XCTestManifests.swift */; };
		OBJ_113 /* AsyncObject.framework in Frameworks */ = {isa = PBXBuildFile; fileRef = asyncobject::AsyncObject::Product /* AsyncObject.framework */; };
		OBJ_114 /* OrderedCollections.framework in Frameworks */ = {isa = PBXBuildFile; fileRef = swift-collections::OrderedCollections::Product /* OrderedCollections.framework */; };
		OBJ_121 /* _HashTable+Bucket.swift in Sources */ = {isa = PBXBuildFile; fileRef = OBJ_24 /* _HashTable+Bucket.swift */; };
		OBJ_122 /* _HashTable+BucketIterator.swift in Sources */ = {isa = PBXBuildFile; fileRef = OBJ_25 /* _HashTable+BucketIterator.swift */; };
		OBJ_123 /* _HashTable+Constants.swift in Sources */ = {isa = PBXBuildFile; fileRef = OBJ_26 /* _HashTable+Constants.swift */; };
		OBJ_124 /* _HashTable+CustomStringConvertible.swift in Sources */ = {isa = PBXBuildFile; fileRef = OBJ_27 /* _HashTable+CustomStringConvertible.swift */; };
		OBJ_125 /* _HashTable+Testing.swift in Sources */ = {isa = PBXBuildFile; fileRef = OBJ_28 /* _HashTable+Testing.swift */; };
		OBJ_126 /* _HashTable+UnsafeHandle.swift in Sources */ = {isa = PBXBuildFile; fileRef = OBJ_29 /* _HashTable+UnsafeHandle.swift */; };
		OBJ_127 /* _HashTable.swift in Sources */ = {isa = PBXBuildFile; fileRef = OBJ_30 /* _HashTable.swift */; };
		OBJ_128 /* _Hashtable+Header.swift in Sources */ = {isa = PBXBuildFile; fileRef = OBJ_31 /* _Hashtable+Header.swift */; };
		OBJ_129 /* OrderedDictionary+Codable.swift in Sources */ = {isa = PBXBuildFile; fileRef = OBJ_33 /* OrderedDictionary+Codable.swift */; };
		OBJ_130 /* OrderedDictionary+CustomDebugStringConvertible.swift in Sources */ = {isa = PBXBuildFile; fileRef = OBJ_34 /* OrderedDictionary+CustomDebugStringConvertible.swift */; };
		OBJ_131 /* OrderedDictionary+CustomReflectable.swift in Sources */ = {isa = PBXBuildFile; fileRef = OBJ_35 /* OrderedDictionary+CustomReflectable.swift */; };
		OBJ_132 /* OrderedDictionary+CustomStringConvertible.swift in Sources */ = {isa = PBXBuildFile; fileRef = OBJ_36 /* OrderedDictionary+CustomStringConvertible.swift */; };
		OBJ_133 /* OrderedDictionary+Deprecations.swift in Sources */ = {isa = PBXBuildFile; fileRef = OBJ_37 /* OrderedDictionary+Deprecations.swift */; };
		OBJ_134 /* OrderedDictionary+Elements+SubSequence.swift in Sources */ = {isa = PBXBuildFile; fileRef = OBJ_38 /* OrderedDictionary+Elements+SubSequence.swift */; };
		OBJ_135 /* OrderedDictionary+Elements.swift in Sources */ = {isa = PBXBuildFile; fileRef = OBJ_39 /* OrderedDictionary+Elements.swift */; };
		OBJ_136 /* OrderedDictionary+Equatable.swift in Sources */ = {isa = PBXBuildFile; fileRef = OBJ_40 /* OrderedDictionary+Equatable.swift */; };
		OBJ_137 /* OrderedDictionary+ExpressibleByDictionaryLiteral.swift in Sources */ = {isa = PBXBuildFile; fileRef = OBJ_41 /* OrderedDictionary+ExpressibleByDictionaryLiteral.swift */; };
		OBJ_138 /* OrderedDictionary+Hashable.swift in Sources */ = {isa = PBXBuildFile; fileRef = OBJ_42 /* OrderedDictionary+Hashable.swift */; };
		OBJ_139 /* OrderedDictionary+Initializers.swift in Sources */ = {isa = PBXBuildFile; fileRef = OBJ_43 /* OrderedDictionary+Initializers.swift */; };
		OBJ_140 /* OrderedDictionary+Invariants.swift in Sources */ = {isa = PBXBuildFile; fileRef = OBJ_44 /* OrderedDictionary+Invariants.swift */; };
		OBJ_141 /* OrderedDictionary+Partial MutableCollection.swift in Sources */ = {isa = PBXBuildFile; fileRef = OBJ_45 /* OrderedDictionary+Partial MutableCollection.swift */; };
		OBJ_142 /* OrderedDictionary+Partial RangeReplaceableCollection.swift in Sources */ = {isa = PBXBuildFile; fileRef = OBJ_46 /* OrderedDictionary+Partial RangeReplaceableCollection.swift */; };
		OBJ_143 /* OrderedDictionary+Sequence.swift in Sources */ = {isa = PBXBuildFile; fileRef = OBJ_47 /* OrderedDictionary+Sequence.swift */; };
		OBJ_144 /* OrderedDictionary+Values.swift in Sources */ = {isa = PBXBuildFile; fileRef = OBJ_48 /* OrderedDictionary+Values.swift */; };
		OBJ_145 /* OrderedDictionary.swift in Sources */ = {isa = PBXBuildFile; fileRef = OBJ_49 /* OrderedDictionary.swift */; };
		OBJ_146 /* OrderedSet+Codable.swift in Sources */ = {isa = PBXBuildFile; fileRef = OBJ_51 /* OrderedSet+Codable.swift */; };
		OBJ_147 /* OrderedSet+CustomDebugStringConvertible.swift in Sources */ = {isa = PBXBuildFile; fileRef = OBJ_52 /* OrderedSet+CustomDebugStringConvertible.swift */; };
		OBJ_148 /* OrderedSet+CustomReflectable.swift in Sources */ = {isa = PBXBuildFile; fileRef = OBJ_53 /* OrderedSet+CustomReflectable.swift */; };
		OBJ_149 /* OrderedSet+CustomStringConvertible.swift in Sources */ = {isa = PBXBuildFile; fileRef = OBJ_54 /* OrderedSet+CustomStringConvertible.swift */; };
		OBJ_150 /* OrderedSet+Diffing.swift in Sources */ = {isa = PBXBuildFile; fileRef = OBJ_55 /* OrderedSet+Diffing.swift */; };
		OBJ_151 /* OrderedSet+Equatable.swift in Sources */ = {isa = PBXBuildFile; fileRef = OBJ_56 /* OrderedSet+Equatable.swift */; };
		OBJ_152 /* OrderedSet+ExpressibleByArrayLiteral.swift in Sources */ = {isa = PBXBuildFile; fileRef = OBJ_57 /* OrderedSet+ExpressibleByArrayLiteral.swift */; };
		OBJ_153 /* OrderedSet+Hashable.swift in Sources */ = {isa = PBXBuildFile; fileRef = OBJ_58 /* OrderedSet+Hashable.swift */; };
		OBJ_154 /* OrderedSet+Initializers.swift in Sources */ = {isa = PBXBuildFile; fileRef = OBJ_59 /* OrderedSet+Initializers.swift */; };
		OBJ_155 /* OrderedSet+Insertions.swift in Sources */ = {isa = PBXBuildFile; fileRef = OBJ_60 /* OrderedSet+Insertions.swift */; };
		OBJ_156 /* OrderedSet+Invariants.swift in Sources */ = {isa = PBXBuildFile; fileRef = OBJ_61 /* OrderedSet+Invariants.swift */; };
		OBJ_157 /* OrderedSet+Partial MutableCollection.swift in Sources */ = {isa = PBXBuildFile; fileRef = OBJ_62 /* OrderedSet+Partial MutableCollection.swift */; };
		OBJ_158 /* OrderedSet+Partial RangeReplaceableCollection.swift in Sources */ = {isa = PBXBuildFile; fileRef = OBJ_63 /* OrderedSet+Partial RangeReplaceableCollection.swift */; };
		OBJ_159 /* OrderedSet+Partial SetAlgebra+Basics.swift in Sources */ = {isa = PBXBuildFile; fileRef = OBJ_64 /* OrderedSet+Partial SetAlgebra+Basics.swift */; };
		OBJ_160 /* OrderedSet+Partial SetAlgebra+Operations.swift in Sources */ = {isa = PBXBuildFile; fileRef = OBJ_65 /* OrderedSet+Partial SetAlgebra+Operations.swift */; };
		OBJ_161 /* OrderedSet+Partial SetAlgebra+Predicates.swift in Sources */ = {isa = PBXBuildFile; fileRef = OBJ_66 /* OrderedSet+Partial SetAlgebra+Predicates.swift */; };
		OBJ_162 /* OrderedSet+RandomAccessCollection.swift in Sources */ = {isa = PBXBuildFile; fileRef = OBJ_67 /* OrderedSet+RandomAccessCollection.swift */; };
		OBJ_163 /* OrderedSet+ReserveCapacity.swift in Sources */ = {isa = PBXBuildFile; fileRef = OBJ_68 /* OrderedSet+ReserveCapacity.swift */; };
		OBJ_164 /* OrderedSet+SubSequence.swift in Sources */ = {isa = PBXBuildFile; fileRef = OBJ_69 /* OrderedSet+SubSequence.swift */; };
		OBJ_165 /* OrderedSet+Testing.swift in Sources */ = {isa = PBXBuildFile; fileRef = OBJ_70 /* OrderedSet+Testing.swift */; };
		OBJ_166 /* OrderedSet+UnorderedView.swift in Sources */ = {isa = PBXBuildFile; fileRef = OBJ_71 /* OrderedSet+UnorderedView.swift */; };
		OBJ_167 /* OrderedSet+UnstableInternals.swift in Sources */ = {isa = PBXBuildFile; fileRef = OBJ_72 /* OrderedSet+UnstableInternals.swift */; };
		OBJ_168 /* OrderedSet.swift in Sources */ = {isa = PBXBuildFile; fileRef = OBJ_73 /* OrderedSet.swift */; };
		OBJ_169 /* RandomAccessCollection+Offsets.swift in Sources */ = {isa = PBXBuildFile; fileRef = OBJ_75 /* RandomAccessCollection+Offsets.swift */; };
		OBJ_170 /* _UnsafeBitset.swift in Sources */ = {isa = PBXBuildFile; fileRef = OBJ_76 /* _UnsafeBitset.swift */; };
		OBJ_177 /* Package.swift in Sources */ = {isa = PBXBuildFile; fileRef = OBJ_77 /* Package.swift */; };
		OBJ_87 /* AsyncSemaphore.swift in Sources */ = {isa = PBXBuildFile; fileRef = OBJ_11 /* AsyncSemaphore.swift */; };
		OBJ_88 /* TaskTimeoutResult.swift in Sources */ = {isa = PBXBuildFile; fileRef = OBJ_12 /* TaskTimeoutResult.swift */; };
		OBJ_90 /* OrderedCollections.framework in Frameworks */ = {isa = PBXBuildFile; fileRef = swift-collections::OrderedCollections::Product /* OrderedCollections.framework */; };
		OBJ_98 /* Package.swift in Sources */ = {isa = PBXBuildFile; fileRef = OBJ_6 /* Package.swift */; };
/* End PBXBuildFile section */

/* Begin PBXFileReference section */
		DC9C0D8BA0D1A8641769373A /* AsyncObject.docc */ = {isa = PBXFileReference; includeInIndex = 1; path = AsyncObject.docc; sourceTree = "<group>"; };
		OBJ_11 /* AsyncSemaphore.swift */ = {isa = PBXFileReference; path = AsyncSemaphore.swift; sourceTree = "<group>"; };
		OBJ_12 /* TaskTimeoutResult.swift */ = {isa = PBXFileReference; path = TaskTimeoutResult.swift; sourceTree = "<group>"; };
		OBJ_15 /* AsyncSemaphoreTests.swift */ = {isa = PBXFileReference; path = AsyncSemaphoreTests.swift; sourceTree = "<group>"; };
		OBJ_16 /* XCTestCase.swift */ = {isa = PBXFileReference; path = XCTestCase.swift; sourceTree = "<group>"; };
		OBJ_17 /* XCTestManifests.swift */ = {isa = PBXFileReference; path = XCTestManifests.swift; sourceTree = "<group>"; };
		OBJ_24 /* _HashTable+Bucket.swift */ = {isa = PBXFileReference; path = "_HashTable+Bucket.swift"; sourceTree = "<group>"; };
		OBJ_25 /* _HashTable+BucketIterator.swift */ = {isa = PBXFileReference; path = "_HashTable+BucketIterator.swift"; sourceTree = "<group>"; };
		OBJ_26 /* _HashTable+Constants.swift */ = {isa = PBXFileReference; path = "_HashTable+Constants.swift"; sourceTree = "<group>"; };
		OBJ_27 /* _HashTable+CustomStringConvertible.swift */ = {isa = PBXFileReference; path = "_HashTable+CustomStringConvertible.swift"; sourceTree = "<group>"; };
		OBJ_28 /* _HashTable+Testing.swift */ = {isa = PBXFileReference; path = "_HashTable+Testing.swift"; sourceTree = "<group>"; };
		OBJ_29 /* _HashTable+UnsafeHandle.swift */ = {isa = PBXFileReference; path = "_HashTable+UnsafeHandle.swift"; sourceTree = "<group>"; };
		OBJ_30 /* _HashTable.swift */ = {isa = PBXFileReference; path = _HashTable.swift; sourceTree = "<group>"; };
		OBJ_31 /* _Hashtable+Header.swift */ = {isa = PBXFileReference; path = "_Hashtable+Header.swift"; sourceTree = "<group>"; };
		OBJ_33 /* OrderedDictionary+Codable.swift */ = {isa = PBXFileReference; path = "OrderedDictionary+Codable.swift"; sourceTree = "<group>"; };
		OBJ_34 /* OrderedDictionary+CustomDebugStringConvertible.swift */ = {isa = PBXFileReference; path = "OrderedDictionary+CustomDebugStringConvertible.swift"; sourceTree = "<group>"; };
		OBJ_35 /* OrderedDictionary+CustomReflectable.swift */ = {isa = PBXFileReference; path = "OrderedDictionary+CustomReflectable.swift"; sourceTree = "<group>"; };
		OBJ_36 /* OrderedDictionary+CustomStringConvertible.swift */ = {isa = PBXFileReference; path = "OrderedDictionary+CustomStringConvertible.swift"; sourceTree = "<group>"; };
		OBJ_37 /* OrderedDictionary+Deprecations.swift */ = {isa = PBXFileReference; path = "OrderedDictionary+Deprecations.swift"; sourceTree = "<group>"; };
		OBJ_38 /* OrderedDictionary+Elements+SubSequence.swift */ = {isa = PBXFileReference; path = "OrderedDictionary+Elements+SubSequence.swift"; sourceTree = "<group>"; };
		OBJ_39 /* OrderedDictionary+Elements.swift */ = {isa = PBXFileReference; path = "OrderedDictionary+Elements.swift"; sourceTree = "<group>"; };
		OBJ_40 /* OrderedDictionary+Equatable.swift */ = {isa = PBXFileReference; path = "OrderedDictionary+Equatable.swift"; sourceTree = "<group>"; };
		OBJ_41 /* OrderedDictionary+ExpressibleByDictionaryLiteral.swift */ = {isa = PBXFileReference; path = "OrderedDictionary+ExpressibleByDictionaryLiteral.swift"; sourceTree = "<group>"; };
		OBJ_42 /* OrderedDictionary+Hashable.swift */ = {isa = PBXFileReference; path = "OrderedDictionary+Hashable.swift"; sourceTree = "<group>"; };
		OBJ_43 /* OrderedDictionary+Initializers.swift */ = {isa = PBXFileReference; path = "OrderedDictionary+Initializers.swift"; sourceTree = "<group>"; };
		OBJ_44 /* OrderedDictionary+Invariants.swift */ = {isa = PBXFileReference; path = "OrderedDictionary+Invariants.swift"; sourceTree = "<group>"; };
		OBJ_45 /* OrderedDictionary+Partial MutableCollection.swift */ = {isa = PBXFileReference; path = "OrderedDictionary+Partial MutableCollection.swift"; sourceTree = "<group>"; };
		OBJ_46 /* OrderedDictionary+Partial RangeReplaceableCollection.swift */ = {isa = PBXFileReference; path = "OrderedDictionary+Partial RangeReplaceableCollection.swift"; sourceTree = "<group>"; };
		OBJ_47 /* OrderedDictionary+Sequence.swift */ = {isa = PBXFileReference; path = "OrderedDictionary+Sequence.swift"; sourceTree = "<group>"; };
		OBJ_48 /* OrderedDictionary+Values.swift */ = {isa = PBXFileReference; path = "OrderedDictionary+Values.swift"; sourceTree = "<group>"; };
		OBJ_49 /* OrderedDictionary.swift */ = {isa = PBXFileReference; path = OrderedDictionary.swift; sourceTree = "<group>"; };
		OBJ_51 /* OrderedSet+Codable.swift */ = {isa = PBXFileReference; path = "OrderedSet+Codable.swift"; sourceTree = "<group>"; };
		OBJ_52 /* OrderedSet+CustomDebugStringConvertible.swift */ = {isa = PBXFileReference; path = "OrderedSet+CustomDebugStringConvertible.swift"; sourceTree = "<group>"; };
		OBJ_53 /* OrderedSet+CustomReflectable.swift */ = {isa = PBXFileReference; path = "OrderedSet+CustomReflectable.swift"; sourceTree = "<group>"; };
		OBJ_54 /* OrderedSet+CustomStringConvertible.swift */ = {isa = PBXFileReference; path = "OrderedSet+CustomStringConvertible.swift"; sourceTree = "<group>"; };
		OBJ_55 /* OrderedSet+Diffing.swift */ = {isa = PBXFileReference; path = "OrderedSet+Diffing.swift"; sourceTree = "<group>"; };
		OBJ_56 /* OrderedSet+Equatable.swift */ = {isa = PBXFileReference; path = "OrderedSet+Equatable.swift"; sourceTree = "<group>"; };
		OBJ_57 /* OrderedSet+ExpressibleByArrayLiteral.swift */ = {isa = PBXFileReference; path = "OrderedSet+ExpressibleByArrayLiteral.swift"; sourceTree = "<group>"; };
		OBJ_58 /* OrderedSet+Hashable.swift */ = {isa = PBXFileReference; path = "OrderedSet+Hashable.swift"; sourceTree = "<group>"; };
		OBJ_59 /* OrderedSet+Initializers.swift */ = {isa = PBXFileReference; path = "OrderedSet+Initializers.swift"; sourceTree = "<group>"; };
		OBJ_6 /* Package.swift */ = {isa = PBXFileReference; explicitFileType = sourcecode.swift; path = Package.swift; sourceTree = "<group>"; };
		OBJ_60 /* OrderedSet+Insertions.swift */ = {isa = PBXFileReference; path = "OrderedSet+Insertions.swift"; sourceTree = "<group>"; };
		OBJ_61 /* OrderedSet+Invariants.swift */ = {isa = PBXFileReference; path = "OrderedSet+Invariants.swift"; sourceTree = "<group>"; };
		OBJ_62 /* OrderedSet+Partial MutableCollection.swift */ = {isa = PBXFileReference; path = "OrderedSet+Partial MutableCollection.swift"; sourceTree = "<group>"; };
		OBJ_63 /* OrderedSet+Partial RangeReplaceableCollection.swift */ = {isa = PBXFileReference; path = "OrderedSet+Partial RangeReplaceableCollection.swift"; sourceTree = "<group>"; };
		OBJ_64 /* OrderedSet+Partial SetAlgebra+Basics.swift */ = {isa = PBXFileReference; path = "OrderedSet+Partial SetAlgebra+Basics.swift"; sourceTree = "<group>"; };
		OBJ_65 /* OrderedSet+Partial SetAlgebra+Operations.swift */ = {isa = PBXFileReference; path = "OrderedSet+Partial SetAlgebra+Operations.swift"; sourceTree = "<group>"; };
		OBJ_66 /* OrderedSet+Partial SetAlgebra+Predicates.swift */ = {isa = PBXFileReference; path = "OrderedSet+Partial SetAlgebra+Predicates.swift"; sourceTree = "<group>"; };
		OBJ_67 /* OrderedSet+RandomAccessCollection.swift */ = {isa = PBXFileReference; path = "OrderedSet+RandomAccessCollection.swift"; sourceTree = "<group>"; };
		OBJ_68 /* OrderedSet+ReserveCapacity.swift */ = {isa = PBXFileReference; path = "OrderedSet+ReserveCapacity.swift"; sourceTree = "<group>"; };
		OBJ_69 /* OrderedSet+SubSequence.swift */ = {isa = PBXFileReference; path = "OrderedSet+SubSequence.swift"; sourceTree = "<group>"; };
		OBJ_70 /* OrderedSet+Testing.swift */ = {isa = PBXFileReference; path = "OrderedSet+Testing.swift"; sourceTree = "<group>"; };
		OBJ_71 /* OrderedSet+UnorderedView.swift */ = {isa = PBXFileReference; path = "OrderedSet+UnorderedView.swift"; sourceTree = "<group>"; };
		OBJ_72 /* OrderedSet+UnstableInternals.swift */ = {isa = PBXFileReference; path = "OrderedSet+UnstableInternals.swift"; sourceTree = "<group>"; };
		OBJ_73 /* OrderedSet.swift */ = {isa = PBXFileReference; path = OrderedSet.swift; sourceTree = "<group>"; };
		OBJ_75 /* RandomAccessCollection+Offsets.swift */ = {isa = PBXFileReference; path = "RandomAccessCollection+Offsets.swift"; sourceTree = "<group>"; };
		OBJ_76 /* _UnsafeBitset.swift */ = {isa = PBXFileReference; path = _UnsafeBitset.swift; sourceTree = "<group>"; };
		OBJ_77 /* Package.swift */ = {isa = PBXFileReference; explicitFileType = sourcecode.swift; name = Package.swift; path = "/Users/soumyaranjanmahunt/Documents/personal_projs/AsyncObject/.build/checkouts/swift-collections/Package.swift"; sourceTree = "<group>"; };
		OBJ_8 /* AsyncObject.xcconfig */ = {isa = PBXFileReference; name = AsyncObject.xcconfig; path = Helpers/AsyncObject.xcconfig; sourceTree = "<group>"; };
		asyncobject::AsyncObject::Product /* AsyncObject.framework */ = {isa = PBXFileReference; path = AsyncObject.framework; sourceTree = BUILT_PRODUCTS_DIR; };
		asyncobject::AsyncObjectTests::Product /* AsyncObjectTests.xctest */ = {isa = PBXFileReference; path = AsyncObjectTests.xctest; sourceTree = BUILT_PRODUCTS_DIR; };
		swift-collections::OrderedCollections::Product /* OrderedCollections.framework */ = {isa = PBXFileReference; path = OrderedCollections.framework; sourceTree = BUILT_PRODUCTS_DIR; };
/* End PBXFileReference section */

/* Begin PBXFrameworksBuildPhase section */
		OBJ_112 /* Frameworks */ = {
			isa = PBXFrameworksBuildPhase;
			files = (
				OBJ_113 /* AsyncObject.framework in Frameworks */,
				OBJ_114 /* OrderedCollections.framework in Frameworks */,
			);
		};
		OBJ_171 /* Frameworks */ = {
			isa = PBXFrameworksBuildPhase;
			files = (
			);
		};
		OBJ_89 /* Frameworks */ = {
			isa = PBXFrameworksBuildPhase;
			files = (
				OBJ_90 /* OrderedCollections.framework in Frameworks */,
			);
		};
/* End PBXFrameworksBuildPhase section */

/* Begin PBXGroup section */
		OBJ_10 /* AsyncObject */ = {
			isa = PBXGroup;
			children = (
				OBJ_11 /* AsyncSemaphore.swift */,
				OBJ_12 /* TaskTimeoutResult.swift */,
				DC9C0D8BA0D1A8641769373A /* AsyncObject.docc */,
			);
			name = AsyncObject;
			path = Sources/AsyncObject;
			sourceTree = SOURCE_ROOT;
		};
		OBJ_13 /* Tests */ = {
			isa = PBXGroup;
			children = (
				OBJ_14 /* AsyncObjectTests */,
			);
			name = Tests;
			path = "";
			sourceTree = SOURCE_ROOT;
		};
		OBJ_14 /* AsyncObjectTests */ = {
			isa = PBXGroup;
			children = (
				OBJ_15 /* AsyncSemaphoreTests.swift */,
				OBJ_16 /* XCTestCase.swift */,
				OBJ_17 /* XCTestManifests.swift */,
			);
			name = AsyncObjectTests;
			path = Tests/AsyncObjectTests;
			sourceTree = SOURCE_ROOT;
		};
		OBJ_18 /* Dependencies */ = {
			isa = PBXGroup;
			children = (
				OBJ_19 /* swift-collections 1.0.2 */,
			);
			name = Dependencies;
			path = "";
			sourceTree = "<group>";
		};
		OBJ_19 /* swift-collections 1.0.2 */ = {
			isa = PBXGroup;
			children = (
				OBJ_20 /* Collections */,
				OBJ_21 /* DequeModule */,
				OBJ_22 /* OrderedCollections */,
				OBJ_77 /* Package.swift */,
			);
			name = "swift-collections 1.0.2";
			path = "";
			sourceTree = SOURCE_ROOT;
		};
		OBJ_20 /* Collections */ = {
			isa = PBXGroup;
			children = (
			);
			name = Collections;
			path = ".build/checkouts/swift-collections/Sources/Collections";
			sourceTree = SOURCE_ROOT;
		};
		OBJ_21 /* DequeModule */ = {
			isa = PBXGroup;
			children = (
			);
			name = DequeModule;
			path = ".build/checkouts/swift-collections/Sources/DequeModule";
			sourceTree = SOURCE_ROOT;
		};
		OBJ_22 /* OrderedCollections */ = {
			isa = PBXGroup;
			children = (
				OBJ_23 /* HashTable */,
				OBJ_32 /* OrderedDictionary */,
				OBJ_50 /* OrderedSet */,
				OBJ_74 /* Utilities */,
			);
			name = OrderedCollections;
			path = ".build/checkouts/swift-collections/Sources/OrderedCollections";
			sourceTree = SOURCE_ROOT;
		};
		OBJ_23 /* HashTable */ = {
			isa = PBXGroup;
			children = (
				OBJ_24 /* _HashTable+Bucket.swift */,
				OBJ_25 /* _HashTable+BucketIterator.swift */,
				OBJ_26 /* _HashTable+Constants.swift */,
				OBJ_27 /* _HashTable+CustomStringConvertible.swift */,
				OBJ_28 /* _HashTable+Testing.swift */,
				OBJ_29 /* _HashTable+UnsafeHandle.swift */,
				OBJ_30 /* _HashTable.swift */,
				OBJ_31 /* _Hashtable+Header.swift */,
			);
			name = HashTable;
			path = HashTable;
			sourceTree = "<group>";
		};
		OBJ_32 /* OrderedDictionary */ = {
			isa = PBXGroup;
			children = (
				OBJ_33 /* OrderedDictionary+Codable.swift */,
				OBJ_34 /* OrderedDictionary+CustomDebugStringConvertible.swift */,
				OBJ_35 /* OrderedDictionary+CustomReflectable.swift */,
				OBJ_36 /* OrderedDictionary+CustomStringConvertible.swift */,
				OBJ_37 /* OrderedDictionary+Deprecations.swift */,
				OBJ_38 /* OrderedDictionary+Elements+SubSequence.swift */,
				OBJ_39 /* OrderedDictionary+Elements.swift */,
				OBJ_40 /* OrderedDictionary+Equatable.swift */,
				OBJ_41 /* OrderedDictionary+ExpressibleByDictionaryLiteral.swift */,
				OBJ_42 /* OrderedDictionary+Hashable.swift */,
				OBJ_43 /* OrderedDictionary+Initializers.swift */,
				OBJ_44 /* OrderedDictionary+Invariants.swift */,
				OBJ_45 /* OrderedDictionary+Partial MutableCollection.swift */,
				OBJ_46 /* OrderedDictionary+Partial RangeReplaceableCollection.swift */,
				OBJ_47 /* OrderedDictionary+Sequence.swift */,
				OBJ_48 /* OrderedDictionary+Values.swift */,
				OBJ_49 /* OrderedDictionary.swift */,
			);
			name = OrderedDictionary;
			path = OrderedDictionary;
			sourceTree = "<group>";
		};
		OBJ_5 = {
			isa = PBXGroup;
			children = (
				OBJ_6 /* Package.swift */,
				OBJ_7 /* Configs */,
				OBJ_9 /* Sources */,
				OBJ_13 /* Tests */,
				OBJ_18 /* Dependencies */,
				OBJ_78 /* Products */,
			);
			path = "";
			sourceTree = "<group>";
		};
		OBJ_50 /* OrderedSet */ = {
			isa = PBXGroup;
			children = (
				OBJ_51 /* OrderedSet+Codable.swift */,
				OBJ_52 /* OrderedSet+CustomDebugStringConvertible.swift */,
				OBJ_53 /* OrderedSet+CustomReflectable.swift */,
				OBJ_54 /* OrderedSet+CustomStringConvertible.swift */,
				OBJ_55 /* OrderedSet+Diffing.swift */,
				OBJ_56 /* OrderedSet+Equatable.swift */,
				OBJ_57 /* OrderedSet+ExpressibleByArrayLiteral.swift */,
				OBJ_58 /* OrderedSet+Hashable.swift */,
				OBJ_59 /* OrderedSet+Initializers.swift */,
				OBJ_60 /* OrderedSet+Insertions.swift */,
				OBJ_61 /* OrderedSet+Invariants.swift */,
				OBJ_62 /* OrderedSet+Partial MutableCollection.swift */,
				OBJ_63 /* OrderedSet+Partial RangeReplaceableCollection.swift */,
				OBJ_64 /* OrderedSet+Partial SetAlgebra+Basics.swift */,
				OBJ_65 /* OrderedSet+Partial SetAlgebra+Operations.swift */,
				OBJ_66 /* OrderedSet+Partial SetAlgebra+Predicates.swift */,
				OBJ_67 /* OrderedSet+RandomAccessCollection.swift */,
				OBJ_68 /* OrderedSet+ReserveCapacity.swift */,
				OBJ_69 /* OrderedSet+SubSequence.swift */,
				OBJ_70 /* OrderedSet+Testing.swift */,
				OBJ_71 /* OrderedSet+UnorderedView.swift */,
				OBJ_72 /* OrderedSet+UnstableInternals.swift */,
				OBJ_73 /* OrderedSet.swift */,
			);
			name = OrderedSet;
			path = OrderedSet;
			sourceTree = "<group>";
		};
		OBJ_7 /* Configs */ = {
			isa = PBXGroup;
			children = (
				OBJ_8 /* AsyncObject.xcconfig */,
			);
			name = Configs;
			path = "";
			sourceTree = "<group>";
		};
		OBJ_74 /* Utilities */ = {
			isa = PBXGroup;
			children = (
				OBJ_75 /* RandomAccessCollection+Offsets.swift */,
				OBJ_76 /* _UnsafeBitset.swift */,
			);
			name = Utilities;
			path = Utilities;
			sourceTree = "<group>";
		};
		OBJ_78 /* Products */ = {
			isa = PBXGroup;
			children = (
				asyncobject::AsyncObject::Product /* AsyncObject.framework */,
				asyncobject::AsyncObjectTests::Product /* AsyncObjectTests.xctest */,
				swift-collections::OrderedCollections::Product /* OrderedCollections.framework */,
			);
			name = Products;
			path = "";
			sourceTree = BUILT_PRODUCTS_DIR;
		};
		OBJ_9 /* Sources */ = {
			isa = PBXGroup;
			children = (
				OBJ_10 /* AsyncObject */,
			);
			name = Sources;
			path = "";
			sourceTree = SOURCE_ROOT;
		};
/* End PBXGroup section */

/* Begin PBXNativeTarget section */
		asyncobject::AsyncObject /* AsyncObject */ = {
			isa = PBXNativeTarget;
			buildConfigurationList = OBJ_83 /* Build configuration list for PBXNativeTarget "AsyncObject" */;
			buildPhases = (
				OBJ_86 /* Sources */,
				OBJ_89 /* Frameworks */,
			);
			buildRules = (
			);
			dependencies = (
				OBJ_91 /* PBXTargetDependency */,
			);
			name = AsyncObject;
			productName = AsyncObject;
			productReference = asyncobject::AsyncObject::Product /* AsyncObject.framework */;
			productType = "com.apple.product-type.framework";
		};
		asyncobject::AsyncObjectTests /* AsyncObjectTests */ = {
			isa = PBXNativeTarget;
			buildConfigurationList = OBJ_105 /* Build configuration list for PBXNativeTarget "AsyncObjectTests" */;
			buildPhases = (
				OBJ_108 /* Sources */,
				OBJ_112 /* Frameworks */,
			);
			buildRules = (
			);
			dependencies = (
				OBJ_115 /* PBXTargetDependency */,
				OBJ_116 /* PBXTargetDependency */,
			);
			name = AsyncObjectTests;
			productName = AsyncObjectTests;
			productReference = asyncobject::AsyncObjectTests::Product /* AsyncObjectTests.xctest */;
			productType = "com.apple.product-type.bundle.unit-test";
		};
		asyncobject::SwiftPMPackageDescription /* AsyncObjectPackageDescription */ = {
			isa = PBXNativeTarget;
			buildConfigurationList = OBJ_94 /* Build configuration list for PBXNativeTarget "AsyncObjectPackageDescription" */;
			buildPhases = (
				OBJ_97 /* Sources */,
			);
			buildRules = (
			);
			dependencies = (
			);
			name = AsyncObjectPackageDescription;
			productName = AsyncObjectPackageDescription;
			productType = "com.apple.product-type.framework";
		};
		swift-collections::OrderedCollections /* OrderedCollections */ = {
			isa = PBXNativeTarget;
			buildConfigurationList = OBJ_117 /* Build configuration list for PBXNativeTarget "OrderedCollections" */;
			buildPhases = (
				OBJ_120 /* Sources */,
				OBJ_171 /* Frameworks */,
			);
			buildRules = (
			);
			dependencies = (
			);
			name = OrderedCollections;
			productName = OrderedCollections;
			productReference = swift-collections::OrderedCollections::Product /* OrderedCollections.framework */;
			productType = "com.apple.product-type.framework";
		};
		swift-collections::SwiftPMPackageDescription /* swift-collectionsPackageDescription */ = {
			isa = PBXNativeTarget;
			buildConfigurationList = OBJ_173 /* Build configuration list for PBXNativeTarget "swift-collectionsPackageDescription" */;
			buildPhases = (
				OBJ_176 /* Sources */,
			);
			buildRules = (
			);
			dependencies = (
			);
			name = "swift-collectionsPackageDescription";
			productName = "swift-collectionsPackageDescription";
			productType = "com.apple.product-type.framework";
		};
/* End PBXNativeTarget section */

/* Begin PBXProject section */
		OBJ_1 /* Project object */ = {
			isa = PBXProject;
			attributes = {
				LastSwiftMigration = 9999;
				LastUpgradeCheck = 9999;
			};
			buildConfigurationList = OBJ_2 /* Build configuration list for PBXProject "AsyncObject" */;
			compatibilityVersion = "Xcode 3.2";
			developmentRegion = en;
			hasScannedForEncodings = 0;
			knownRegions = (
				en,
			);
			mainGroup = OBJ_5;
			productRefGroup = OBJ_78 /* Products */;
			projectDirPath = .;
			targets = (
				asyncobject::AsyncObject /* AsyncObject */,
				asyncobject::SwiftPMPackageDescription /* AsyncObjectPackageDescription */,
				asyncobject::AsyncObjectPackageTests::ProductTarget /* AsyncObjectPackageTests */,
				asyncobject::AsyncObjectTests /* AsyncObjectTests */,
				swift-collections::OrderedCollections /* OrderedCollections */,
				swift-collections::SwiftPMPackageDescription /* swift-collectionsPackageDescription */,
			);
		};
/* End PBXProject section */

/* Begin PBXSourcesBuildPhase section */
		OBJ_108 /* Sources */ = {
			isa = PBXSourcesBuildPhase;
			files = (
				OBJ_109 /* AsyncSemaphoreTests.swift in Sources */,
				OBJ_110 /* XCTestCase.swift in Sources */,
				OBJ_111 /* XCTestManifests.swift in Sources */,
			);
		};
		OBJ_120 /* Sources */ = {
			isa = PBXSourcesBuildPhase;
			files = (
				OBJ_121 /* _HashTable+Bucket.swift in Sources */,
				OBJ_122 /* _HashTable+BucketIterator.swift in Sources */,
				OBJ_123 /* _HashTable+Constants.swift in Sources */,
				OBJ_124 /* _HashTable+CustomStringConvertible.swift in Sources */,
				OBJ_125 /* _HashTable+Testing.swift in Sources */,
				OBJ_126 /* _HashTable+UnsafeHandle.swift in Sources */,
				OBJ_127 /* _HashTable.swift in Sources */,
				OBJ_128 /* _Hashtable+Header.swift in Sources */,
				OBJ_129 /* OrderedDictionary+Codable.swift in Sources */,
				OBJ_130 /* OrderedDictionary+CustomDebugStringConvertible.swift in Sources */,
				OBJ_131 /* OrderedDictionary+CustomReflectable.swift in Sources */,
				OBJ_132 /* OrderedDictionary+CustomStringConvertible.swift in Sources */,
				OBJ_133 /* OrderedDictionary+Deprecations.swift in Sources */,
				OBJ_134 /* OrderedDictionary+Elements+SubSequence.swift in Sources */,
				OBJ_135 /* OrderedDictionary+Elements.swift in Sources */,
				OBJ_136 /* OrderedDictionary+Equatable.swift in Sources */,
				OBJ_137 /* OrderedDictionary+ExpressibleByDictionaryLiteral.swift in Sources */,
				OBJ_138 /* OrderedDictionary+Hashable.swift in Sources */,
				OBJ_139 /* OrderedDictionary+Initializers.swift in Sources */,
				OBJ_140 /* OrderedDictionary+Invariants.swift in Sources */,
				OBJ_141 /* OrderedDictionary+Partial MutableCollection.swift in Sources */,
				OBJ_142 /* OrderedDictionary+Partial RangeReplaceableCollection.swift in Sources */,
				OBJ_143 /* OrderedDictionary+Sequence.swift in Sources */,
				OBJ_144 /* OrderedDictionary+Values.swift in Sources */,
				OBJ_145 /* OrderedDictionary.swift in Sources */,
				OBJ_146 /* OrderedSet+Codable.swift in Sources */,
				OBJ_147 /* OrderedSet+CustomDebugStringConvertible.swift in Sources */,
				OBJ_148 /* OrderedSet+CustomReflectable.swift in Sources */,
				OBJ_149 /* OrderedSet+CustomStringConvertible.swift in Sources */,
				OBJ_150 /* OrderedSet+Diffing.swift in Sources */,
				OBJ_151 /* OrderedSet+Equatable.swift in Sources */,
				OBJ_152 /* OrderedSet+ExpressibleByArrayLiteral.swift in Sources */,
				OBJ_153 /* OrderedSet+Hashable.swift in Sources */,
				OBJ_154 /* OrderedSet+Initializers.swift in Sources */,
				OBJ_155 /* OrderedSet+Insertions.swift in Sources */,
				OBJ_156 /* OrderedSet+Invariants.swift in Sources */,
				OBJ_157 /* OrderedSet+Partial MutableCollection.swift in Sources */,
				OBJ_158 /* OrderedSet+Partial RangeReplaceableCollection.swift in Sources */,
				OBJ_159 /* OrderedSet+Partial SetAlgebra+Basics.swift in Sources */,
				OBJ_160 /* OrderedSet+Partial SetAlgebra+Operations.swift in Sources */,
				OBJ_161 /* OrderedSet+Partial SetAlgebra+Predicates.swift in Sources */,
				OBJ_162 /* OrderedSet+RandomAccessCollection.swift in Sources */,
				OBJ_163 /* OrderedSet+ReserveCapacity.swift in Sources */,
				OBJ_164 /* OrderedSet+SubSequence.swift in Sources */,
				OBJ_165 /* OrderedSet+Testing.swift in Sources */,
				OBJ_166 /* OrderedSet+UnorderedView.swift in Sources */,
				OBJ_167 /* OrderedSet+UnstableInternals.swift in Sources */,
				OBJ_168 /* OrderedSet.swift in Sources */,
				OBJ_169 /* RandomAccessCollection+Offsets.swift in Sources */,
				OBJ_170 /* _UnsafeBitset.swift in Sources */,
			);
		};
		OBJ_176 /* Sources */ = {
			isa = PBXSourcesBuildPhase;
			files = (
				OBJ_177 /* Package.swift in Sources */,
			);
		};
		OBJ_86 /* Sources */ = {
			isa = PBXSourcesBuildPhase;
			files = (
				OBJ_87 /* AsyncSemaphore.swift in Sources */,
				OBJ_88 /* TaskTimeoutResult.swift in Sources */,
				09AF6949DD0FA835B3F5E3C4 /* AsyncObject.docc in Sources */,
			);
		};
		OBJ_97 /* Sources */ = {
			isa = PBXSourcesBuildPhase;
			files = (
				OBJ_98 /* Package.swift in Sources */,
			);
		};
/* End PBXSourcesBuildPhase section */

/* Begin PBXTargetDependency section */
		OBJ_103 /* PBXTargetDependency */ = {
			isa = PBXTargetDependency;
			target = asyncobject::AsyncObjectTests /* AsyncObjectTests */;
		};
		OBJ_115 /* PBXTargetDependency */ = {
			isa = PBXTargetDependency;
			target = asyncobject::AsyncObject /* AsyncObject */;
		};
		OBJ_116 /* PBXTargetDependency */ = {
			isa = PBXTargetDependency;
			target = swift-collections::OrderedCollections /* OrderedCollections */;
		};
		OBJ_91 /* PBXTargetDependency */ = {
			isa = PBXTargetDependency;
			target = swift-collections::OrderedCollections /* OrderedCollections */;
		};
/* End PBXTargetDependency section */

/* Begin XCBuildConfiguration section */
		OBJ_101 /* Debug */ = {
			isa = XCBuildConfiguration;
			buildSettings = {
			};
			name = Debug;
		};
		OBJ_102 /* Release */ = {
			isa = XCBuildConfiguration;
			buildSettings = {
			};
			name = Release;
		};
		OBJ_106 /* Debug */ = {
			isa = XCBuildConfiguration;
			baseConfigurationReference = OBJ_8 /* AsyncObject.xcconfig */;
			buildSettings = {
				CLANG_ENABLE_MODULES = YES;
				CURRENT_PROJECT_VERSION = 1;
				DRIVERKIT_DEPLOYMENT_TARGET = 19.0;
				EMBEDDED_CONTENT_CONTAINS_SWIFT = YES;
				FRAMEWORK_SEARCH_PATHS = (
					"$(inherited)",
					"$(PLATFORM_DIR)/Developer/Library/Frameworks",
				);
				HEADER_SEARCH_PATHS = "$(inherited)";
				INFOPLIST_FILE = AsyncObject.xcodeproj/AsyncObjectTests_Info.plist;
				IPHONEOS_DEPLOYMENT_TARGET = 14.0;
				LD_RUNPATH_SEARCH_PATHS = "$(inherited) @loader_path/../Frameworks @loader_path/Frameworks";
				MACOSX_DEPLOYMENT_TARGET = 11.0;
				OTHER_CFLAGS = "$(inherited)";
				OTHER_LDFLAGS = "$(inherited)";
				OTHER_SWIFT_FLAGS = "$(inherited)";
				SWIFT_ACTIVE_COMPILATION_CONDITIONS = "$(inherited)";
				SWIFT_VERSION = 5.0;
				TARGET_NAME = AsyncObjectTests;
				TVOS_DEPLOYMENT_TARGET = 14.0;
				WATCHOS_DEPLOYMENT_TARGET = 7.0;
			};
			name = Debug;
		};
		OBJ_107 /* Release */ = {
			isa = XCBuildConfiguration;
			baseConfigurationReference = OBJ_8 /* AsyncObject.xcconfig */;
			buildSettings = {
				CLANG_ENABLE_MODULES = YES;
				CURRENT_PROJECT_VERSION = 1;
				DRIVERKIT_DEPLOYMENT_TARGET = 19.0;
				EMBEDDED_CONTENT_CONTAINS_SWIFT = YES;
				FRAMEWORK_SEARCH_PATHS = (
					"$(inherited)",
					"$(PLATFORM_DIR)/Developer/Library/Frameworks",
				);
				HEADER_SEARCH_PATHS = "$(inherited)";
				INFOPLIST_FILE = AsyncObject.xcodeproj/AsyncObjectTests_Info.plist;
				IPHONEOS_DEPLOYMENT_TARGET = 14.0;
				LD_RUNPATH_SEARCH_PATHS = "$(inherited) @loader_path/../Frameworks @loader_path/Frameworks";
				MACOSX_DEPLOYMENT_TARGET = 11.0;
				OTHER_CFLAGS = "$(inherited)";
				OTHER_LDFLAGS = "$(inherited)";
				OTHER_SWIFT_FLAGS = "$(inherited)";
				SWIFT_ACTIVE_COMPILATION_CONDITIONS = "$(inherited)";
				SWIFT_VERSION = 5.0;
				TARGET_NAME = AsyncObjectTests;
				TVOS_DEPLOYMENT_TARGET = 14.0;
				WATCHOS_DEPLOYMENT_TARGET = 7.0;
			};
			name = Release;
		};
		OBJ_118 /* Debug */ = {
			isa = XCBuildConfiguration;
			baseConfigurationReference = OBJ_8 /* AsyncObject.xcconfig */;
			buildSettings = {
				CURRENT_PROJECT_VERSION = 1;
				DRIVERKIT_DEPLOYMENT_TARGET = 19.0;
				ENABLE_TESTABILITY = YES;
				FRAMEWORK_SEARCH_PATHS = (
					"$(inherited)",
					"$(PLATFORM_DIR)/Developer/Library/Frameworks",
				);
				HEADER_SEARCH_PATHS = "$(inherited)";
				INFOPLIST_FILE = AsyncObject.xcodeproj/OrderedCollections_Info.plist;
				IPHONEOS_DEPLOYMENT_TARGET = 9.0;
				LD_RUNPATH_SEARCH_PATHS = "$(inherited) $(TOOLCHAIN_DIR)/usr/lib/swift/macosx";
				MACOSX_DEPLOYMENT_TARGET = 10.10;
				OTHER_CFLAGS = "$(inherited)";
				OTHER_LDFLAGS = "$(inherited)";
				OTHER_SWIFT_FLAGS = "$(inherited)";
				PRODUCT_BUNDLE_IDENTIFIER = OrderedCollections;
				PRODUCT_MODULE_NAME = "$(TARGET_NAME:c99extidentifier)";
				PRODUCT_NAME = "$(TARGET_NAME:c99extidentifier)";
				SKIP_INSTALL = YES;
				SWIFT_ACTIVE_COMPILATION_CONDITIONS = "$(inherited)";
				SWIFT_VERSION = 5.0;
				TARGET_NAME = OrderedCollections;
				TVOS_DEPLOYMENT_TARGET = 9.0;
				WATCHOS_DEPLOYMENT_TARGET = 2.0;
			};
			name = Debug;
		};
		OBJ_119 /* Release */ = {
			isa = XCBuildConfiguration;
			baseConfigurationReference = OBJ_8 /* AsyncObject.xcconfig */;
			buildSettings = {
				CURRENT_PROJECT_VERSION = 1;
				DRIVERKIT_DEPLOYMENT_TARGET = 19.0;
				ENABLE_TESTABILITY = YES;
				FRAMEWORK_SEARCH_PATHS = (
					"$(inherited)",
					"$(PLATFORM_DIR)/Developer/Library/Frameworks",
				);
				HEADER_SEARCH_PATHS = "$(inherited)";
				INFOPLIST_FILE = AsyncObject.xcodeproj/OrderedCollections_Info.plist;
				IPHONEOS_DEPLOYMENT_TARGET = 9.0;
				LD_RUNPATH_SEARCH_PATHS = "$(inherited) $(TOOLCHAIN_DIR)/usr/lib/swift/macosx";
				MACOSX_DEPLOYMENT_TARGET = 10.10;
				OTHER_CFLAGS = "$(inherited)";
				OTHER_LDFLAGS = "$(inherited)";
				OTHER_SWIFT_FLAGS = "$(inherited)";
				PRODUCT_BUNDLE_IDENTIFIER = OrderedCollections;
				PRODUCT_MODULE_NAME = "$(TARGET_NAME:c99extidentifier)";
				PRODUCT_NAME = "$(TARGET_NAME:c99extidentifier)";
				SKIP_INSTALL = YES;
				SWIFT_ACTIVE_COMPILATION_CONDITIONS = "$(inherited)";
				SWIFT_VERSION = 5.0;
				TARGET_NAME = OrderedCollections;
				TVOS_DEPLOYMENT_TARGET = 9.0;
				WATCHOS_DEPLOYMENT_TARGET = 2.0;
			};
			name = Release;
		};
		OBJ_174 /* Debug */ = {
			isa = XCBuildConfiguration;
			buildSettings = {
				LD = /usr/bin/true;
				OTHER_SWIFT_FLAGS = "-swift-version 5 -I $(TOOLCHAIN_DIR)/usr/lib/swift/pm/ManifestAPI -sdk /Applications/Xcode.app/Contents/Developer/Platforms/MacOSX.platform/Developer/SDKs/MacOSX12.3.sdk -package-description-version 5.3.0";
				SWIFT_VERSION = 5.0;
			};
			name = Debug;
		};
		OBJ_175 /* Release */ = {
			isa = XCBuildConfiguration;
			buildSettings = {
				LD = /usr/bin/true;
				OTHER_SWIFT_FLAGS = "-swift-version 5 -I $(TOOLCHAIN_DIR)/usr/lib/swift/pm/ManifestAPI -sdk /Applications/Xcode.app/Contents/Developer/Platforms/MacOSX.platform/Developer/SDKs/MacOSX12.3.sdk -package-description-version 5.3.0";
				SWIFT_VERSION = 5.0;
			};
			name = Release;
		};
		OBJ_3 /* Debug */ = {
			isa = XCBuildConfiguration;
			buildSettings = {
				CLANG_ENABLE_OBJC_ARC = YES;
				COMBINE_HIDPI_IMAGES = YES;
				COPY_PHASE_STRIP = NO;
				DEBUG_INFORMATION_FORMAT = dwarf;
				DYLIB_INSTALL_NAME_BASE = "@rpath";
				ENABLE_NS_ASSERTIONS = YES;
				GCC_OPTIMIZATION_LEVEL = 0;
				GCC_PREPROCESSOR_DEFINITIONS = (
					"$(inherited)",
					"SWIFT_PACKAGE=1",
					"DEBUG=1",
				);
				MACOSX_DEPLOYMENT_TARGET = 10.10;
				ONLY_ACTIVE_ARCH = YES;
				OTHER_SWIFT_FLAGS = "$(inherited) -DXcode";
				PRODUCT_NAME = "$(TARGET_NAME)";
				SDKROOT = macosx;
				SUPPORTED_PLATFORMS = "$(AVAILABLE_PLATFORMS)";
				SUPPORTS_MACCATALYST = YES;
				SWIFT_ACTIVE_COMPILATION_CONDITIONS = "$(inherited) SWIFT_PACKAGE DEBUG";
				SWIFT_OPTIMIZATION_LEVEL = "-Onone";
				USE_HEADERMAP = NO;
			};
			name = Debug;
		};
		OBJ_4 /* Release */ = {
			isa = XCBuildConfiguration;
			buildSettings = {
				CLANG_ENABLE_OBJC_ARC = YES;
				COMBINE_HIDPI_IMAGES = YES;
				COPY_PHASE_STRIP = YES;
				DEBUG_INFORMATION_FORMAT = "dwarf-with-dsym";
				DYLIB_INSTALL_NAME_BASE = "@rpath";
				GCC_OPTIMIZATION_LEVEL = s;
				GCC_PREPROCESSOR_DEFINITIONS = (
					"$(inherited)",
					"SWIFT_PACKAGE=1",
				);
				MACOSX_DEPLOYMENT_TARGET = 10.10;
				OTHER_SWIFT_FLAGS = "$(inherited) -DXcode";
				PRODUCT_NAME = "$(TARGET_NAME)";
				SDKROOT = macosx;
				SUPPORTED_PLATFORMS = "$(AVAILABLE_PLATFORMS)";
				SUPPORTS_MACCATALYST = YES;
				SWIFT_ACTIVE_COMPILATION_CONDITIONS = "$(inherited) SWIFT_PACKAGE";
				SWIFT_OPTIMIZATION_LEVEL = "-Owholemodule";
				USE_HEADERMAP = NO;
			};
			name = Release;
		};
		OBJ_84 /* Debug */ = {
			isa = XCBuildConfiguration;
			baseConfigurationReference = OBJ_8 /* AsyncObject.xcconfig */;
			buildSettings = {
				CURRENT_PROJECT_VERSION = 1;
				DRIVERKIT_DEPLOYMENT_TARGET = 19.0;
				ENABLE_TESTABILITY = YES;
				FRAMEWORK_SEARCH_PATHS = (
					"$(inherited)",
					"$(PLATFORM_DIR)/Developer/Library/Frameworks",
				);
				HEADER_SEARCH_PATHS = "$(inherited)";
				INFOPLIST_FILE = AsyncObject.xcodeproj/AsyncObject_Info.plist;
				IPHONEOS_DEPLOYMENT_TARGET = 13.0;
				LD_RUNPATH_SEARCH_PATHS = "$(inherited) $(TOOLCHAIN_DIR)/usr/lib/swift/macosx";
				MACOSX_DEPLOYMENT_TARGET = 10.15;
				OTHER_CFLAGS = "$(inherited)";
				OTHER_LDFLAGS = "$(inherited)";
				OTHER_SWIFT_FLAGS = "$(inherited)";
				PRODUCT_BUNDLE_IDENTIFIER = AsyncObject;
				PRODUCT_MODULE_NAME = "$(TARGET_NAME:c99extidentifier)";
				PRODUCT_NAME = "$(TARGET_NAME:c99extidentifier)";
				SKIP_INSTALL = YES;
				SWIFT_ACTIVE_COMPILATION_CONDITIONS = "$(inherited)";
				SWIFT_VERSION = 5.0;
				TARGET_NAME = AsyncObject;
				TVOS_DEPLOYMENT_TARGET = 13.0;
				WATCHOS_DEPLOYMENT_TARGET = 6.0;
			};
			name = Debug;
		};
		OBJ_85 /* Release */ = {
			isa = XCBuildConfiguration;
			baseConfigurationReference = OBJ_8 /* AsyncObject.xcconfig */;
			buildSettings = {
				CURRENT_PROJECT_VERSION = 1;
				DRIVERKIT_DEPLOYMENT_TARGET = 19.0;
				ENABLE_TESTABILITY = YES;
				FRAMEWORK_SEARCH_PATHS = (
					"$(inherited)",
					"$(PLATFORM_DIR)/Developer/Library/Frameworks",
				);
				HEADER_SEARCH_PATHS = "$(inherited)";
				INFOPLIST_FILE = AsyncObject.xcodeproj/AsyncObject_Info.plist;
				IPHONEOS_DEPLOYMENT_TARGET = 13.0;
				LD_RUNPATH_SEARCH_PATHS = "$(inherited) $(TOOLCHAIN_DIR)/usr/lib/swift/macosx";
				MACOSX_DEPLOYMENT_TARGET = 10.15;
				OTHER_CFLAGS = "$(inherited)";
				OTHER_LDFLAGS = "$(inherited)";
				OTHER_SWIFT_FLAGS = "$(inherited)";
				PRODUCT_BUNDLE_IDENTIFIER = AsyncObject;
				PRODUCT_MODULE_NAME = "$(TARGET_NAME:c99extidentifier)";
				PRODUCT_NAME = "$(TARGET_NAME:c99extidentifier)";
				SKIP_INSTALL = YES;
				SWIFT_ACTIVE_COMPILATION_CONDITIONS = "$(inherited)";
				SWIFT_VERSION = 5.0;
				TARGET_NAME = AsyncObject;
				TVOS_DEPLOYMENT_TARGET = 13.0;
				WATCHOS_DEPLOYMENT_TARGET = 6.0;
			};
			name = Release;
		};
		OBJ_95 /* Debug */ = {
			isa = XCBuildConfiguration;
			buildSettings = {
				LD = /usr/bin/true;
				OTHER_SWIFT_FLAGS = "-swift-version 5 -I $(TOOLCHAIN_DIR)/usr/lib/swift/pm/ManifestAPI -sdk /Applications/Xcode.app/Contents/Developer/Platforms/MacOSX.platform/Developer/SDKs/MacOSX12.3.sdk -package-description-version 5.5.0";
				SWIFT_VERSION = 5.0;
			};
			name = Debug;
		};
		OBJ_96 /* Release */ = {
			isa = XCBuildConfiguration;
			buildSettings = {
				LD = /usr/bin/true;
				OTHER_SWIFT_FLAGS = "-swift-version 5 -I $(TOOLCHAIN_DIR)/usr/lib/swift/pm/ManifestAPI -sdk /Applications/Xcode.app/Contents/Developer/Platforms/MacOSX.platform/Developer/SDKs/MacOSX12.3.sdk -package-description-version 5.5.0";
				SWIFT_VERSION = 5.0;
			};
			name = Release;
		};
/* End XCBuildConfiguration section */

/* Begin XCConfigurationList section */
		OBJ_100 /* Build configuration list for PBXAggregateTarget "AsyncObjectPackageTests" */ = {
			isa = XCConfigurationList;
			buildConfigurations = (
				OBJ_101 /* Debug */,
				OBJ_102 /* Release */,
			);
			defaultConfigurationIsVisible = 0;
			defaultConfigurationName = Release;
		};
		OBJ_105 /* Build configuration list for PBXNativeTarget "AsyncObjectTests" */ = {
			isa = XCConfigurationList;
			buildConfigurations = (
				OBJ_106 /* Debug */,
				OBJ_107 /* Release */,
			);
			defaultConfigurationIsVisible = 0;
			defaultConfigurationName = Release;
		};
		OBJ_117 /* Build configuration list for PBXNativeTarget "OrderedCollections" */ = {
			isa = XCConfigurationList;
			buildConfigurations = (
				OBJ_118 /* Debug */,
				OBJ_119 /* Release */,
			);
			defaultConfigurationIsVisible = 0;
			defaultConfigurationName = Release;
		};
		OBJ_173 /* Build configuration list for PBXNativeTarget "swift-collectionsPackageDescription" */ = {
			isa = XCConfigurationList;
			buildConfigurations = (
				OBJ_174 /* Debug */,
				OBJ_175 /* Release */,
			);
			defaultConfigurationIsVisible = 0;
			defaultConfigurationName = Release;
		};
		OBJ_2 /* Build configuration list for PBXProject "AsyncObject" */ = {
			isa = XCConfigurationList;
			buildConfigurations = (
				OBJ_3 /* Debug */,
				OBJ_4 /* Release */,
			);
			defaultConfigurationIsVisible = 0;
			defaultConfigurationName = Release;
		};
		OBJ_83 /* Build configuration list for PBXNativeTarget "AsyncObject" */ = {
			isa = XCConfigurationList;
			buildConfigurations = (
				OBJ_84 /* Debug */,
				OBJ_85 /* Release */,
			);
			defaultConfigurationIsVisible = 0;
			defaultConfigurationName = Release;
		};
		OBJ_94 /* Build configuration list for PBXNativeTarget "AsyncObjectPackageDescription" */ = {
			isa = XCConfigurationList;
			buildConfigurations = (
				OBJ_95 /* Debug */,
				OBJ_96 /* Release */,
			);
			defaultConfigurationIsVisible = 0;
			defaultConfigurationName = Release;
		};
/* End XCConfigurationList section */
	};
	rootObject = OBJ_1 /* Project object */;
}
